
Microsoft Visual Studio Solution File, Format Version 12.00
# Visual Studio 14
VisualStudioVersion = 14.0.25123.0
MinimumVisualStudioVersion = 10.0.40219.1
Project("{FAE04EC0-301F-11D3-BF4B-00C04F79EFBC}") = "ChefTest3.Droid", "ChefTest3\ChefTest3.Droid\ChefTest3.Droid.csproj", "{CB861020-5B57-4507-AAA8-134B57C3F151}"
EndProject
Project("{FAE04EC0-301F-11D3-BF4B-00C04F79EFBC}") = "ChefTest3.iOS", "ChefTest3\ChefTest3.iOS\ChefTest3.iOS.csproj", "{C9139D4D-C31B-4AA4-A7C3-A529C75BFFA5}"
EndProject
Project("{FAE04EC0-301F-11D3-BF4B-00C04F79EFBC}") = "ChefTest3.WinPhone", "ChefTest3\ChefTest3.WinPhone\ChefTest3.WinPhone.csproj", "{844BB06E-F9D6-4853-998E-292F41ECEBF1}"
EndProject
Project("{FAE04EC0-301F-11D3-BF4B-00C04F79EFBC}") = "ChefTest3.UWP", "ChefTest3\ChefTest3.UWP\ChefTest3.UWP.csproj", "{3DEBCAB3-5482-47E5-99F3-9DBA50186C04}"
EndProject
Project("{FAE04EC0-301F-11D3-BF4B-00C04F79EFBC}") = "ChefTest3.Windows", "ChefTest3\ChefTest3.Windows\ChefTest3.Windows.csproj", "{159583A3-BCBF-4F67-8ABA-3FE2BC729862}"
EndProject
Project("{FAE04EC0-301F-11D3-BF4B-00C04F79EFBC}") = "ChefTest3", "ChefTest3\ChefTest3\ChefTest3.csproj", "{4E415312-1F62-4C2D-BD74-7FE8F84C0EF0}"
EndProject
Global
	GlobalSection(SolutionConfigurationPlatforms) = preSolution
		Ad-Hoc|Any CPU = Ad-Hoc|Any CPU
		Ad-Hoc|ARM = Ad-Hoc|ARM
		Ad-Hoc|iPhone = Ad-Hoc|iPhone
		Ad-Hoc|iPhoneSimulator = Ad-Hoc|iPhoneSimulator
		Ad-Hoc|x64 = Ad-Hoc|x64
		Ad-Hoc|x86 = Ad-Hoc|x86
		AppStore|Any CPU = AppStore|Any CPU
		AppStore|ARM = AppStore|ARM
		AppStore|iPhone = AppStore|iPhone
		AppStore|iPhoneSimulator = AppStore|iPhoneSimulator
		AppStore|x64 = AppStore|x64
		AppStore|x86 = AppStore|x86
		Debug|Any CPU = Debug|Any CPU
		Debug|ARM = Debug|ARM
		Debug|iPhone = Debug|iPhone
		Debug|iPhoneSimulator = Debug|iPhoneSimulator
		Debug|x64 = Debug|x64
		Debug|x86 = Debug|x86
		Release|Any CPU = Release|Any CPU
		Release|ARM = Release|ARM
		Release|iPhone = Release|iPhone
		Release|iPhoneSimulator = Release|iPhoneSimulator
		Release|x64 = Release|x64
		Release|x86 = Release|x86
	EndGlobalSection
	GlobalSection(ProjectConfigurationPlatforms) = postSolution
		{CB861020-5B57-4507-AAA8-134B57C3F151}.Ad-Hoc|Any CPU.ActiveCfg = Release|Any CPU
		{CB861020-5B57-4507-AAA8-134B57C3F151}.Ad-Hoc|Any CPU.Build.0 = Release|Any CPU
		{CB861020-5B57-4507-AAA8-134B57C3F151}.Ad-Hoc|Any CPU.Deploy.0 = Release|Any CPU
		{CB861020-5B57-4507-AAA8-134B57C3F151}.Ad-Hoc|ARM.ActiveCfg = Release|Any CPU
		{CB861020-5B57-4507-AAA8-134B57C3F151}.Ad-Hoc|ARM.Build.0 = Release|Any CPU
		{CB861020-5B57-4507-AAA8-134B57C3F151}.Ad-Hoc|ARM.Deploy.0 = Release|Any CPU
		{CB861020-5B57-4507-AAA8-134B57C3F151}.Ad-Hoc|iPhone.ActiveCfg = Release|Any CPU
		{CB861020-5B57-4507-AAA8-134B57C3F151}.Ad-Hoc|iPhone.Build.0 = Release|Any CPU
		{CB861020-5B57-4507-AAA8-134B57C3F151}.Ad-Hoc|iPhone.Deploy.0 = Release|Any CPU
		{CB861020-5B57-4507-AAA8-134B57C3F151}.Ad-Hoc|iPhoneSimulator.ActiveCfg = Release|Any CPU
		{CB861020-5B57-4507-AAA8-134B57C3F151}.Ad-Hoc|iPhoneSimulator.Build.0 = Release|Any CPU
		{CB861020-5B57-4507-AAA8-134B57C3F151}.Ad-Hoc|iPhoneSimulator.Deploy.0 = Release|Any CPU
		{CB861020-5B57-4507-AAA8-134B57C3F151}.Ad-Hoc|x64.ActiveCfg = Release|Any CPU
		{CB861020-5B57-4507-AAA8-134B57C3F151}.Ad-Hoc|x64.Build.0 = Release|Any CPU
		{CB861020-5B57-4507-AAA8-134B57C3F151}.Ad-Hoc|x64.Deploy.0 = Release|Any CPU
		{CB861020-5B57-4507-AAA8-134B57C3F151}.Ad-Hoc|x86.ActiveCfg = Release|Any CPU
		{CB861020-5B57-4507-AAA8-134B57C3F151}.Ad-Hoc|x86.Build.0 = Release|Any CPU
		{CB861020-5B57-4507-AAA8-134B57C3F151}.Ad-Hoc|x86.Deploy.0 = Release|Any CPU
		{CB861020-5B57-4507-AAA8-134B57C3F151}.AppStore|Any CPU.ActiveCfg = Release|Any CPU
		{CB861020-5B57-4507-AAA8-134B57C3F151}.AppStore|Any CPU.Build.0 = Release|Any CPU
		{CB861020-5B57-4507-AAA8-134B57C3F151}.AppStore|Any CPU.Deploy.0 = Release|Any CPU
		{CB861020-5B57-4507-AAA8-134B57C3F151}.AppStore|ARM.ActiveCfg = Release|Any CPU
		{CB861020-5B57-4507-AAA8-134B57C3F151}.AppStore|ARM.Build.0 = Release|Any CPU
		{CB861020-5B57-4507-AAA8-134B57C3F151}.AppStore|ARM.Deploy.0 = Release|Any CPU
		{CB861020-5B57-4507-AAA8-134B57C3F151}.AppStore|iPhone.ActiveCfg = Release|Any CPU
		{CB861020-5B57-4507-AAA8-134B57C3F151}.AppStore|iPhone.Build.0 = Release|Any CPU
		{CB861020-5B57-4507-AAA8-134B57C3F151}.AppStore|iPhone.Deploy.0 = Release|Any CPU
		{CB861020-5B57-4507-AAA8-134B57C3F151}.AppStore|iPhoneSimulator.ActiveCfg = Release|Any CPU
		{CB861020-5B57-4507-AAA8-134B57C3F151}.AppStore|iPhoneSimulator.Build.0 = Release|Any CPU
		{CB861020-5B57-4507-AAA8-134B57C3F151}.AppStore|iPhoneSimulator.Deploy.0 = Release|Any CPU
		{CB861020-5B57-4507-AAA8-134B57C3F151}.AppStore|x64.ActiveCfg = Release|Any CPU
		{CB861020-5B57-4507-AAA8-134B57C3F151}.AppStore|x64.Build.0 = Release|Any CPU
		{CB861020-5B57-4507-AAA8-134B57C3F151}.AppStore|x64.Deploy.0 = Release|Any CPU
		{CB861020-5B57-4507-AAA8-134B57C3F151}.AppStore|x86.ActiveCfg = Release|Any CPU
		{CB861020-5B57-4507-AAA8-134B57C3F151}.AppStore|x86.Build.0 = Release|Any CPU
		{CB861020-5B57-4507-AAA8-134B57C3F151}.AppStore|x86.Deploy.0 = Release|Any CPU
		{CB861020-5B57-4507-AAA8-134B57C3F151}.Debug|Any CPU.ActiveCfg = Debug|Any CPU
		{CB861020-5B57-4507-AAA8-134B57C3F151}.Debug|Any CPU.Build.0 = Debug|Any CPU
		{CB861020-5B57-4507-AAA8-134B57C3F151}.Debug|Any CPU.Deploy.0 = Debug|Any CPU
		{CB861020-5B57-4507-AAA8-134B57C3F151}.Debug|ARM.ActiveCfg = Debug|Any CPU
		{CB861020-5B57-4507-AAA8-134B57C3F151}.Debug|ARM.Build.0 = Debug|Any CPU
		{CB861020-5B57-4507-AAA8-134B57C3F151}.Debug|ARM.Deploy.0 = Debug|Any CPU
		{CB861020-5B57-4507-AAA8-134B57C3F151}.Debug|iPhone.ActiveCfg = Debug|Any CPU
		{CB861020-5B57-4507-AAA8-134B57C3F151}.Debug|iPhone.Build.0 = Debug|Any CPU
		{CB861020-5B57-4507-AAA8-134B57C3F151}.Debug|iPhone.Deploy.0 = Debug|Any CPU
		{CB861020-5B57-4507-AAA8-134B57C3F151}.Debug|iPhoneSimulator.ActiveCfg = Debug|Any CPU
		{CB861020-5B57-4507-AAA8-134B57C3F151}.Debug|iPhoneSimulator.Build.0 = Debug|Any CPU
		{CB861020-5B57-4507-AAA8-134B57C3F151}.Debug|iPhoneSimulator.Deploy.0 = Debug|Any CPU
		{CB861020-5B57-4507-AAA8-134B57C3F151}.Debug|x64.ActiveCfg = Debug|Any CPU
		{CB861020-5B57-4507-AAA8-134B57C3F151}.Debug|x64.Build.0 = Debug|Any CPU
		{CB861020-5B57-4507-AAA8-134B57C3F151}.Debug|x64.Deploy.0 = Debug|Any CPU
		{CB861020-5B57-4507-AAA8-134B57C3F151}.Debug|x86.ActiveCfg = Debug|Any CPU
		{CB861020-5B57-4507-AAA8-134B57C3F151}.Debug|x86.Build.0 = Debug|Any CPU
		{CB861020-5B57-4507-AAA8-134B57C3F151}.Debug|x86.Deploy.0 = Debug|Any CPU
		{CB861020-5B57-4507-AAA8-134B57C3F151}.Release|Any CPU.ActiveCfg = Release|Any CPU
		{CB861020-5B57-4507-AAA8-134B57C3F151}.Release|Any CPU.Build.0 = Release|Any CPU
		{CB861020-5B57-4507-AAA8-134B57C3F151}.Release|Any CPU.Deploy.0 = Release|Any CPU
		{CB861020-5B57-4507-AAA8-134B57C3F151}.Release|ARM.ActiveCfg = Release|Any CPU
		{CB861020-5B57-4507-AAA8-134B57C3F151}.Release|ARM.Build.0 = Release|Any CPU
		{CB861020-5B57-4507-AAA8-134B57C3F151}.Release|ARM.Deploy.0 = Release|Any CPU
		{CB861020-5B57-4507-AAA8-134B57C3F151}.Release|iPhone.ActiveCfg = Release|Any CPU
		{CB861020-5B57-4507-AAA8-134B57C3F151}.Release|iPhone.Build.0 = Release|Any CPU
		{CB861020-5B57-4507-AAA8-134B57C3F151}.Release|iPhone.Deploy.0 = Release|Any CPU
		{CB861020-5B57-4507-AAA8-134B57C3F151}.Release|iPhoneSimulator.ActiveCfg = Release|Any CPU
		{CB861020-5B57-4507-AAA8-134B57C3F151}.Release|iPhoneSimulator.Build.0 = Release|Any CPU
		{CB861020-5B57-4507-AAA8-134B57C3F151}.Release|iPhoneSimulator.Deploy.0 = Release|Any CPU
		{CB861020-5B57-4507-AAA8-134B57C3F151}.Release|x64.ActiveCfg = Release|Any CPU
		{CB861020-5B57-4507-AAA8-134B57C3F151}.Release|x64.Build.0 = Release|Any CPU
		{CB861020-5B57-4507-AAA8-134B57C3F151}.Release|x64.Deploy.0 = Release|Any CPU
		{CB861020-5B57-4507-AAA8-134B57C3F151}.Release|x86.ActiveCfg = Release|Any CPU
		{CB861020-5B57-4507-AAA8-134B57C3F151}.Release|x86.Build.0 = Release|Any CPU
		{CB861020-5B57-4507-AAA8-134B57C3F151}.Release|x86.Deploy.0 = Release|Any CPU
		{C9139D4D-C31B-4AA4-A7C3-A529C75BFFA5}.Ad-Hoc|Any CPU.ActiveCfg = Ad-Hoc|iPhone
		{C9139D4D-C31B-4AA4-A7C3-A529C75BFFA5}.Ad-Hoc|ARM.ActiveCfg = Ad-Hoc|iPhone
		{C9139D4D-C31B-4AA4-A7C3-A529C75BFFA5}.Ad-Hoc|iPhone.ActiveCfg = Ad-Hoc|iPhone
		{C9139D4D-C31B-4AA4-A7C3-A529C75BFFA5}.Ad-Hoc|iPhone.Build.0 = Ad-Hoc|iPhone
		{C9139D4D-C31B-4AA4-A7C3-A529C75BFFA5}.Ad-Hoc|iPhoneSimulator.ActiveCfg = Ad-Hoc|iPhoneSimulator
		{C9139D4D-C31B-4AA4-A7C3-A529C75BFFA5}.Ad-Hoc|iPhoneSimulator.Build.0 = Ad-Hoc|iPhoneSimulator
		{C9139D4D-C31B-4AA4-A7C3-A529C75BFFA5}.Ad-Hoc|x64.ActiveCfg = Ad-Hoc|iPhone
		{C9139D4D-C31B-4AA4-A7C3-A529C75BFFA5}.Ad-Hoc|x86.ActiveCfg = Ad-Hoc|iPhone
		{C9139D4D-C31B-4AA4-A7C3-A529C75BFFA5}.AppStore|Any CPU.ActiveCfg = AppStore|iPhone
		{C9139D4D-C31B-4AA4-A7C3-A529C75BFFA5}.AppStore|ARM.ActiveCfg = AppStore|iPhone
		{C9139D4D-C31B-4AA4-A7C3-A529C75BFFA5}.AppStore|iPhone.ActiveCfg = AppStore|iPhone
		{C9139D4D-C31B-4AA4-A7C3-A529C75BFFA5}.AppStore|iPhone.Build.0 = AppStore|iPhone
		{C9139D4D-C31B-4AA4-A7C3-A529C75BFFA5}.AppStore|iPhoneSimulator.ActiveCfg = AppStore|iPhoneSimulator
		{C9139D4D-C31B-4AA4-A7C3-A529C75BFFA5}.AppStore|iPhoneSimulator.Build.0 = AppStore|iPhoneSimulator
		{C9139D4D-C31B-4AA4-A7C3-A529C75BFFA5}.AppStore|x64.ActiveCfg = AppStore|iPhone
		{C9139D4D-C31B-4AA4-A7C3-A529C75BFFA5}.AppStore|x86.ActiveCfg = AppStore|iPhone
		{C9139D4D-C31B-4AA4-A7C3-A529C75BFFA5}.Debug|Any CPU.ActiveCfg = Debug|iPhone
		{C9139D4D-C31B-4AA4-A7C3-A529C75BFFA5}.Debug|ARM.ActiveCfg = Debug|iPhone
		{C9139D4D-C31B-4AA4-A7C3-A529C75BFFA5}.Debug|iPhone.ActiveCfg = Debug|iPhone
		{C9139D4D-C31B-4AA4-A7C3-A529C75BFFA5}.Debug|iPhone.Build.0 = Debug|iPhone
		{C9139D4D-C31B-4AA4-A7C3-A529C75BFFA5}.Debug|iPhoneSimulator.ActiveCfg = Debug|iPhoneSimulator
		{C9139D4D-C31B-4AA4-A7C3-A529C75BFFA5}.Debug|iPhoneSimulator.Build.0 = Debug|iPhoneSimulator
		{C9139D4D-C31B-4AA4-A7C3-A529C75BFFA5}.Debug|x64.ActiveCfg = Debug|iPhone
		{C9139D4D-C31B-4AA4-A7C3-A529C75BFFA5}.Debug|x86.ActiveCfg = Debug|iPhone
		{C9139D4D-C31B-4AA4-A7C3-A529C75BFFA5}.Release|Any CPU.ActiveCfg = Release|iPhone
		{C9139D4D-C31B-4AA4-A7C3-A529C75BFFA5}.Release|ARM.ActiveCfg = Release|iPhone
		{C9139D4D-C31B-4AA4-A7C3-A529C75BFFA5}.Release|iPhone.ActiveCfg = Release|iPhone
		{C9139D4D-C31B-4AA4-A7C3-A529C75BFFA5}.Release|iPhone.Build.0 = Release|iPhone
		{C9139D4D-C31B-4AA4-A7C3-A529C75BFFA5}.Release|iPhoneSimulator.ActiveCfg = Release|iPhoneSimulator
		{C9139D4D-C31B-4AA4-A7C3-A529C75BFFA5}.Release|iPhoneSimulator.Build.0 = Release|iPhoneSimulator
		{C9139D4D-C31B-4AA4-A7C3-A529C75BFFA5}.Release|x64.ActiveCfg = Release|iPhone
		{C9139D4D-C31B-4AA4-A7C3-A529C75BFFA5}.Release|x86.ActiveCfg = Release|iPhone
		{844BB06E-F9D6-4853-998E-292F41ECEBF1}.Ad-Hoc|Any CPU.ActiveCfg = Release|Any CPU
		{844BB06E-F9D6-4853-998E-292F41ECEBF1}.Ad-Hoc|Any CPU.Build.0 = Release|Any CPU
		{844BB06E-F9D6-4853-998E-292F41ECEBF1}.Ad-Hoc|Any CPU.Deploy.0 = Release|Any CPU
		{844BB06E-F9D6-4853-998E-292F41ECEBF1}.Ad-Hoc|ARM.ActiveCfg = Release|ARM
		{844BB06E-F9D6-4853-998E-292F41ECEBF1}.Ad-Hoc|ARM.Build.0 = Release|ARM
		{844BB06E-F9D6-4853-998E-292F41ECEBF1}.Ad-Hoc|ARM.Deploy.0 = Release|ARM
		{844BB06E-F9D6-4853-998E-292F41ECEBF1}.Ad-Hoc|iPhone.ActiveCfg = Release|Any CPU
		{844BB06E-F9D6-4853-998E-292F41ECEBF1}.Ad-Hoc|iPhone.Build.0 = Release|Any CPU
		{844BB06E-F9D6-4853-998E-292F41ECEBF1}.Ad-Hoc|iPhone.Deploy.0 = Release|Any CPU
		{844BB06E-F9D6-4853-998E-292F41ECEBF1}.Ad-Hoc|iPhoneSimulator.ActiveCfg = Release|Any CPU
		{844BB06E-F9D6-4853-998E-292F41ECEBF1}.Ad-Hoc|iPhoneSimulator.Build.0 = Release|Any CPU
		{844BB06E-F9D6-4853-998E-292F41ECEBF1}.Ad-Hoc|iPhoneSimulator.Deploy.0 = Release|Any CPU
		{844BB06E-F9D6-4853-998E-292F41ECEBF1}.Ad-Hoc|x64.ActiveCfg = Release|Any CPU
		{844BB06E-F9D6-4853-998E-292F41ECEBF1}.Ad-Hoc|x64.Build.0 = Release|Any CPU
		{844BB06E-F9D6-4853-998E-292F41ECEBF1}.Ad-Hoc|x64.Deploy.0 = Release|Any CPU
		{844BB06E-F9D6-4853-998E-292F41ECEBF1}.Ad-Hoc|x86.ActiveCfg = Release|x86
		{844BB06E-F9D6-4853-998E-292F41ECEBF1}.Ad-Hoc|x86.Build.0 = Release|x86
		{844BB06E-F9D6-4853-998E-292F41ECEBF1}.Ad-Hoc|x86.Deploy.0 = Release|x86
		{844BB06E-F9D6-4853-998E-292F41ECEBF1}.AppStore|Any CPU.ActiveCfg = Release|Any CPU
		{844BB06E-F9D6-4853-998E-292F41ECEBF1}.AppStore|Any CPU.Build.0 = Release|Any CPU
		{844BB06E-F9D6-4853-998E-292F41ECEBF1}.AppStore|Any CPU.Deploy.0 = Release|Any CPU
		{844BB06E-F9D6-4853-998E-292F41ECEBF1}.AppStore|ARM.ActiveCfg = Release|ARM
		{844BB06E-F9D6-4853-998E-292F41ECEBF1}.AppStore|ARM.Build.0 = Release|ARM
		{844BB06E-F9D6-4853-998E-292F41ECEBF1}.AppStore|ARM.Deploy.0 = Release|ARM
		{844BB06E-F9D6-4853-998E-292F41ECEBF1}.AppStore|iPhone.ActiveCfg = Release|Any CPU
		{844BB06E-F9D6-4853-998E-292F41ECEBF1}.AppStore|iPhone.Build.0 = Release|Any CPU
		{844BB06E-F9D6-4853-998E-292F41ECEBF1}.AppStore|iPhone.Deploy.0 = Release|Any CPU
		{844BB06E-F9D6-4853-998E-292F41ECEBF1}.AppStore|iPhoneSimulator.ActiveCfg = Release|Any CPU
		{844BB06E-F9D6-4853-998E-292F41ECEBF1}.AppStore|iPhoneSimulator.Build.0 = Release|Any CPU
		{844BB06E-F9D6-4853-998E-292F41ECEBF1}.AppStore|iPhoneSimulator.Deploy.0 = Release|Any CPU
		{844BB06E-F9D6-4853-998E-292F41ECEBF1}.AppStore|x64.ActiveCfg = Release|Any CPU
		{844BB06E-F9D6-4853-998E-292F41ECEBF1}.AppStore|x64.Build.0 = Release|Any CPU
		{844BB06E-F9D6-4853-998E-292F41ECEBF1}.AppStore|x64.Deploy.0 = Release|Any CPU
		{844BB06E-F9D6-4853-998E-292F41ECEBF1}.AppStore|x86.ActiveCfg = Release|x86
		{844BB06E-F9D6-4853-998E-292F41ECEBF1}.AppStore|x86.Build.0 = Release|x86
		{844BB06E-F9D6-4853-998E-292F41ECEBF1}.AppStore|x86.Deploy.0 = Release|x86
		{844BB06E-F9D6-4853-998E-292F41ECEBF1}.Debug|Any CPU.ActiveCfg = Debug|Any CPU
		{844BB06E-F9D6-4853-998E-292F41ECEBF1}.Debug|Any CPU.Build.0 = Debug|Any CPU
		{844BB06E-F9D6-4853-998E-292F41ECEBF1}.Debug|Any CPU.Deploy.0 = Debug|Any CPU
		{844BB06E-F9D6-4853-998E-292F41ECEBF1}.Debug|ARM.ActiveCfg = Debug|ARM
		{844BB06E-F9D6-4853-998E-292F41ECEBF1}.Debug|ARM.Build.0 = Debug|ARM
		{844BB06E-F9D6-4853-998E-292F41ECEBF1}.Debug|ARM.Deploy.0 = Debug|ARM
		{844BB06E-F9D6-4853-998E-292F41ECEBF1}.Debug|iPhone.ActiveCfg = Debug|Any CPU
		{844BB06E-F9D6-4853-998E-292F41ECEBF1}.Debug|iPhone.Build.0 = Debug|Any CPU
		{844BB06E-F9D6-4853-998E-292F41ECEBF1}.Debug|iPhone.Deploy.0 = Debug|Any CPU
		{844BB06E-F9D6-4853-998E-292F41ECEBF1}.Debug|iPhoneSimulator.ActiveCfg = Debug|Any CPU
		{844BB06E-F9D6-4853-998E-292F41ECEBF1}.Debug|iPhoneSimulator.Build.0 = Debug|Any CPU
		{844BB06E-F9D6-4853-998E-292F41ECEBF1}.Debug|iPhoneSimulator.Deploy.0 = Debug|Any CPU
		{844BB06E-F9D6-4853-998E-292F41ECEBF1}.Debug|x64.ActiveCfg = Debug|Any CPU
		{844BB06E-F9D6-4853-998E-292F41ECEBF1}.Debug|x64.Build.0 = Debug|Any CPU
		{844BB06E-F9D6-4853-998E-292F41ECEBF1}.Debug|x64.Deploy.0 = Debug|Any CPU
		{844BB06E-F9D6-4853-998E-292F41ECEBF1}.Debug|x86.ActiveCfg = Debug|x86
		{844BB06E-F9D6-4853-998E-292F41ECEBF1}.Debug|x86.Build.0 = Debug|x86
		{844BB06E-F9D6-4853-998E-292F41ECEBF1}.Debug|x86.Deploy.0 = Debug|x86
		{844BB06E-F9D6-4853-998E-292F41ECEBF1}.Release|Any CPU.ActiveCfg = Release|Any CPU
		{844BB06E-F9D6-4853-998E-292F41ECEBF1}.Release|Any CPU.Build.0 = Release|Any CPU
		{844BB06E-F9D6-4853-998E-292F41ECEBF1}.Release|Any CPU.Deploy.0 = Release|Any CPU
		{844BB06E-F9D6-4853-998E-292F41ECEBF1}.Release|ARM.ActiveCfg = Release|ARM
		{844BB06E-F9D6-4853-998E-292F41ECEBF1}.Release|ARM.Build.0 = Release|ARM
		{844BB06E-F9D6-4853-998E-292F41ECEBF1}.Release|ARM.Deploy.0 = Release|ARM
		{844BB06E-F9D6-4853-998E-292F41ECEBF1}.Release|iPhone.ActiveCfg = Release|Any CPU
		{844BB06E-F9D6-4853-998E-292F41ECEBF1}.Release|iPhone.Build.0 = Release|Any CPU
		{844BB06E-F9D6-4853-998E-292F41ECEBF1}.Release|iPhone.Deploy.0 = Release|Any CPU
		{844BB06E-F9D6-4853-998E-292F41ECEBF1}.Release|iPhoneSimulator.ActiveCfg = Release|Any CPU
		{844BB06E-F9D6-4853-998E-292F41ECEBF1}.Release|iPhoneSimulator.Build.0 = Release|Any CPU
		{844BB06E-F9D6-4853-998E-292F41ECEBF1}.Release|iPhoneSimulator.Deploy.0 = Release|Any CPU
		{844BB06E-F9D6-4853-998E-292F41ECEBF1}.Release|x64.ActiveCfg = Release|Any CPU
		{844BB06E-F9D6-4853-998E-292F41ECEBF1}.Release|x64.Build.0 = Release|Any CPU
		{844BB06E-F9D6-4853-998E-292F41ECEBF1}.Release|x64.Deploy.0 = Release|Any CPU
		{844BB06E-F9D6-4853-998E-292F41ECEBF1}.Release|x86.ActiveCfg = Release|x86
		{844BB06E-F9D6-4853-998E-292F41ECEBF1}.Release|x86.Build.0 = Release|x86
		{844BB06E-F9D6-4853-998E-292F41ECEBF1}.Release|x86.Deploy.0 = Release|x86
		{3DEBCAB3-5482-47E5-99F3-9DBA50186C04}.Ad-Hoc|Any CPU.ActiveCfg = Release|x86
		{3DEBCAB3-5482-47E5-99F3-9DBA50186C04}.Ad-Hoc|Any CPU.Build.0 = Release|x86
		{3DEBCAB3-5482-47E5-99F3-9DBA50186C04}.Ad-Hoc|Any CPU.Deploy.0 = Release|x86
		{3DEBCAB3-5482-47E5-99F3-9DBA50186C04}.Ad-Hoc|ARM.ActiveCfg = Release|ARM
		{3DEBCAB3-5482-47E5-99F3-9DBA50186C04}.Ad-Hoc|ARM.Build.0 = Release|ARM
		{3DEBCAB3-5482-47E5-99F3-9DBA50186C04}.Ad-Hoc|ARM.Deploy.0 = Release|ARM
		{3DEBCAB3-5482-47E5-99F3-9DBA50186C04}.Ad-Hoc|iPhone.ActiveCfg = Release|x86
		{3DEBCAB3-5482-47E5-99F3-9DBA50186C04}.Ad-Hoc|iPhone.Build.0 = Release|x86
		{3DEBCAB3-5482-47E5-99F3-9DBA50186C04}.Ad-Hoc|iPhone.Deploy.0 = Release|x86
		{3DEBCAB3-5482-47E5-99F3-9DBA50186C04}.Ad-Hoc|iPhoneSimulator.ActiveCfg = Release|x86
		{3DEBCAB3-5482-47E5-99F3-9DBA50186C04}.Ad-Hoc|iPhoneSimulator.Build.0 = Release|x86
		{3DEBCAB3-5482-47E5-99F3-9DBA50186C04}.Ad-Hoc|iPhoneSimulator.Deploy.0 = Release|x86
		{3DEBCAB3-5482-47E5-99F3-9DBA50186C04}.Ad-Hoc|x64.ActiveCfg = Release|x64
		{3DEBCAB3-5482-47E5-99F3-9DBA50186C04}.Ad-Hoc|x64.Build.0 = Release|x64
		{3DEBCAB3-5482-47E5-99F3-9DBA50186C04}.Ad-Hoc|x64.Deploy.0 = Release|x64
		{3DEBCAB3-5482-47E5-99F3-9DBA50186C04}.Ad-Hoc|x86.ActiveCfg = Release|x86
		{3DEBCAB3-5482-47E5-99F3-9DBA50186C04}.Ad-Hoc|x86.Build.0 = Release|x86
		{3DEBCAB3-5482-47E5-99F3-9DBA50186C04}.Ad-Hoc|x86.Deploy.0 = Release|x86
		{3DEBCAB3-5482-47E5-99F3-9DBA50186C04}.AppStore|Any CPU.ActiveCfg = Release|x86
		{3DEBCAB3-5482-47E5-99F3-9DBA50186C04}.AppStore|Any CPU.Build.0 = Release|x86
		{3DEBCAB3-5482-47E5-99F3-9DBA50186C04}.AppStore|Any CPU.Deploy.0 = Release|x86
		{3DEBCAB3-5482-47E5-99F3-9DBA50186C04}.AppStore|ARM.ActiveCfg = Release|ARM
		{3DEBCAB3-5482-47E5-99F3-9DBA50186C04}.AppStore|ARM.Build.0 = Release|ARM
		{3DEBCAB3-5482-47E5-99F3-9DBA50186C04}.AppStore|ARM.Deploy.0 = Release|ARM
		{3DEBCAB3-5482-47E5-99F3-9DBA50186C04}.AppStore|iPhone.ActiveCfg = Release|x86
		{3DEBCAB3-5482-47E5-99F3-9DBA50186C04}.AppStore|iPhone.Build.0 = Release|x86
		{3DEBCAB3-5482-47E5-99F3-9DBA50186C04}.AppStore|iPhone.Deploy.0 = Release|x86
		{3DEBCAB3-5482-47E5-99F3-9DBA50186C04}.AppStore|iPhoneSimulator.ActiveCfg = Release|x86
		{3DEBCAB3-5482-47E5-99F3-9DBA50186C04}.AppStore|iPhoneSimulator.Build.0 = Release|x86
		{3DEBCAB3-5482-47E5-99F3-9DBA50186C04}.AppStore|iPhoneSimulator.Deploy.0 = Release|x86
		{3DEBCAB3-5482-47E5-99F3-9DBA50186C04}.AppStore|x64.ActiveCfg = Release|x64
		{3DEBCAB3-5482-47E5-99F3-9DBA50186C04}.AppStore|x64.Build.0 = Release|x64
		{3DEBCAB3-5482-47E5-99F3-9DBA50186C04}.AppStore|x64.Deploy.0 = Release|x64
		{3DEBCAB3-5482-47E5-99F3-9DBA50186C04}.AppStore|x86.ActiveCfg = Release|x86
		{3DEBCAB3-5482-47E5-99F3-9DBA50186C04}.AppStore|x86.Build.0 = Release|x86
		{3DEBCAB3-5482-47E5-99F3-9DBA50186C04}.AppStore|x86.Deploy.0 = Release|x86
		{3DEBCAB3-5482-47E5-99F3-9DBA50186C04}.Debug|Any CPU.ActiveCfg = Debug|x86
		{3DEBCAB3-5482-47E5-99F3-9DBA50186C04}.Debug|ARM.ActiveCfg = Debug|ARM
		{3DEBCAB3-5482-47E5-99F3-9DBA50186C04}.Debug|ARM.Build.0 = Debug|ARM
		{3DEBCAB3-5482-47E5-99F3-9DBA50186C04}.Debug|ARM.Deploy.0 = Debug|ARM
		{3DEBCAB3-5482-47E5-99F3-9DBA50186C04}.Debug|iPhone.ActiveCfg = Debug|x86
		{3DEBCAB3-5482-47E5-99F3-9DBA50186C04}.Debug|iPhoneSimulator.ActiveCfg = Debug|x86
		{3DEBCAB3-5482-47E5-99F3-9DBA50186C04}.Debug|x64.ActiveCfg = Debug|x64
		{3DEBCAB3-5482-47E5-99F3-9DBA50186C04}.Debug|x64.Build.0 = Debug|x64
		{3DEBCAB3-5482-47E5-99F3-9DBA50186C04}.Debug|x64.Deploy.0 = Debug|x64
		{3DEBCAB3-5482-47E5-99F3-9DBA50186C04}.Debug|x86.ActiveCfg = Debug|x86
		{3DEBCAB3-5482-47E5-99F3-9DBA50186C04}.Debug|x86.Build.0 = Debug|x86
		{3DEBCAB3-5482-47E5-99F3-9DBA50186C04}.Debug|x86.Deploy.0 = Debug|x86
		{3DEBCAB3-5482-47E5-99F3-9DBA50186C04}.Release|Any CPU.ActiveCfg = Release|x86
		{3DEBCAB3-5482-47E5-99F3-9DBA50186C04}.Release|ARM.ActiveCfg = Release|ARM
		{3DEBCAB3-5482-47E5-99F3-9DBA50186C04}.Release|ARM.Build.0 = Release|ARM
		{3DEBCAB3-5482-47E5-99F3-9DBA50186C04}.Release|ARM.Deploy.0 = Release|ARM
		{3DEBCAB3-5482-47E5-99F3-9DBA50186C04}.Release|iPhone.ActiveCfg = Release|x86
		{3DEBCAB3-5482-47E5-99F3-9DBA50186C04}.Release|iPhoneSimulator.ActiveCfg = Release|x86
		{3DEBCAB3-5482-47E5-99F3-9DBA50186C04}.Release|x64.ActiveCfg = Release|x64
		{3DEBCAB3-5482-47E5-99F3-9DBA50186C04}.Release|x64.Build.0 = Release|x64
		{3DEBCAB3-5482-47E5-99F3-9DBA50186C04}.Release|x64.Deploy.0 = Release|x64
		{3DEBCAB3-5482-47E5-99F3-9DBA50186C04}.Release|x86.ActiveCfg = Release|x86
		{3DEBCAB3-5482-47E5-99F3-9DBA50186C04}.Release|x86.Build.0 = Release|x86
		{3DEBCAB3-5482-47E5-99F3-9DBA50186C04}.Release|x86.Deploy.0 = Release|x86
		{159583A3-BCBF-4F67-8ABA-3FE2BC729862}.Ad-Hoc|Any CPU.ActiveCfg = Release|Any CPU
		{159583A3-BCBF-4F67-8ABA-3FE2BC729862}.Ad-Hoc|Any CPU.Build.0 = Release|Any CPU
		{159583A3-BCBF-4F67-8ABA-3FE2BC729862}.Ad-Hoc|Any CPU.Deploy.0 = Release|Any CPU
		{159583A3-BCBF-4F67-8ABA-3FE2BC729862}.Ad-Hoc|ARM.ActiveCfg = Release|ARM
		{159583A3-BCBF-4F67-8ABA-3FE2BC729862}.Ad-Hoc|ARM.Build.0 = Release|ARM
		{159583A3-BCBF-4F67-8ABA-3FE2BC729862}.Ad-Hoc|ARM.Deploy.0 = Release|ARM
		{159583A3-BCBF-4F67-8ABA-3FE2BC729862}.Ad-Hoc|iPhone.ActiveCfg = Release|Any CPU
		{159583A3-BCBF-4F67-8ABA-3FE2BC729862}.Ad-Hoc|iPhone.Build.0 = Release|Any CPU
		{159583A3-BCBF-4F67-8ABA-3FE2BC729862}.Ad-Hoc|iPhone.Deploy.0 = Release|Any CPU
		{159583A3-BCBF-4F67-8ABA-3FE2BC729862}.Ad-Hoc|iPhoneSimulator.ActiveCfg = Release|Any CPU
		{159583A3-BCBF-4F67-8ABA-3FE2BC729862}.Ad-Hoc|iPhoneSimulator.Build.0 = Release|Any CPU
		{159583A3-BCBF-4F67-8ABA-3FE2BC729862}.Ad-Hoc|iPhoneSimulator.Deploy.0 = Release|Any CPU
		{159583A3-BCBF-4F67-8ABA-3FE2BC729862}.Ad-Hoc|x64.ActiveCfg = Release|x64
		{159583A3-BCBF-4F67-8ABA-3FE2BC729862}.Ad-Hoc|x64.Build.0 = Release|x64
		{159583A3-BCBF-4F67-8ABA-3FE2BC729862}.Ad-Hoc|x64.Deploy.0 = Release|x64
		{159583A3-BCBF-4F67-8ABA-3FE2BC729862}.Ad-Hoc|x86.ActiveCfg = Release|x86
		{159583A3-BCBF-4F67-8ABA-3FE2BC729862}.Ad-Hoc|x86.Build.0 = Release|x86
		{159583A3-BCBF-4F67-8ABA-3FE2BC729862}.Ad-Hoc|x86.Deploy.0 = Release|x86
		{159583A3-BCBF-4F67-8ABA-3FE2BC729862}.AppStore|Any CPU.ActiveCfg = Release|Any CPU
		{159583A3-BCBF-4F67-8ABA-3FE2BC729862}.AppStore|Any CPU.Build.0 = Release|Any CPU
		{159583A3-BCBF-4F67-8ABA-3FE2BC729862}.AppStore|Any CPU.Deploy.0 = Release|Any CPU
		{159583A3-BCBF-4F67-8ABA-3FE2BC729862}.AppStore|ARM.ActiveCfg = Release|ARM
		{159583A3-BCBF-4F67-8ABA-3FE2BC729862}.AppStore|ARM.Build.0 = Release|ARM
		{159583A3-BCBF-4F67-8ABA-3FE2BC729862}.AppStore|ARM.Deploy.0 = Release|ARM
		{159583A3-BCBF-4F67-8ABA-3FE2BC729862}.AppStore|iPhone.ActiveCfg = Release|Any CPU
		{159583A3-BCBF-4F67-8ABA-3FE2BC729862}.AppStore|iPhone.Build.0 = Release|Any CPU
		{159583A3-BCBF-4F67-8ABA-3FE2BC729862}.AppStore|iPhone.Deploy.0 = Release|Any CPU
		{159583A3-BCBF-4F67-8ABA-3FE2BC729862}.AppStore|iPhoneSimulator.ActiveCfg = Release|Any CPU
		{159583A3-BCBF-4F67-8ABA-3FE2BC729862}.AppStore|iPhoneSimulator.Build.0 = Release|Any CPU
		{159583A3-BCBF-4F67-8ABA-3FE2BC729862}.AppStore|iPhoneSimulator.Deploy.0 = Release|Any CPU
		{159583A3-BCBF-4F67-8ABA-3FE2BC729862}.AppStore|x64.ActiveCfg = Release|x64
		{159583A3-BCBF-4F67-8ABA-3FE2BC729862}.AppStore|x64.Build.0 = Release|x64
		{159583A3-BCBF-4F67-8ABA-3FE2BC729862}.AppStore|x64.Deploy.0 = Release|x64
		{159583A3-BCBF-4F67-8ABA-3FE2BC729862}.AppStore|x86.ActiveCfg = Release|x86
		{159583A3-BCBF-4F67-8ABA-3FE2BC729862}.AppStore|x86.Build.0 = Release|x86
		{159583A3-BCBF-4F67-8ABA-3FE2BC729862}.AppStore|x86.Deploy.0 = Release|x86
		{159583A3-BCBF-4F67-8ABA-3FE2BC729862}.Debug|Any CPU.ActiveCfg = Debug|Any CPU
		{159583A3-BCBF-4F67-8ABA-3FE2BC729862}.Debug|Any CPU.Build.0 = Debug|Any CPU
		{159583A3-BCBF-4F67-8ABA-3FE2BC729862}.Debug|Any CPU.Deploy.0 = Debug|Any CPU
		{159583A3-BCBF-4F67-8ABA-3FE2BC729862}.Debug|ARM.ActiveCfg = Debug|ARM
		{159583A3-BCBF-4F67-8ABA-3FE2BC729862}.Debug|ARM.Build.0 = Debug|ARM
		{159583A3-BCBF-4F67-8ABA-3FE2BC729862}.Debug|ARM.Deploy.0 = Debug|ARM
		{159583A3-BCBF-4F67-8ABA-3FE2BC729862}.Debug|iPhone.ActiveCfg = Debug|Any CPU
		{159583A3-BCBF-4F67-8ABA-3FE2BC729862}.Debug|iPhone.Build.0 = Debug|Any CPU
		{159583A3-BCBF-4F67-8ABA-3FE2BC729862}.Debug|iPhone.Deploy.0 = Debug|Any CPU
		{159583A3-BCBF-4F67-8ABA-3FE2BC729862}.Debug|iPhoneSimulator.ActiveCfg = Debug|Any CPU
		{159583A3-BCBF-4F67-8ABA-3FE2BC729862}.Debug|iPhoneSimulator.Build.0 = Debug|Any CPU
		{159583A3-BCBF-4F67-8ABA-3FE2BC729862}.Debug|iPhoneSimulator.Deploy.0 = Debug|Any CPU
		{159583A3-BCBF-4F67-8ABA-3FE2BC729862}.Debug|x64.ActiveCfg = Debug|x64
		{159583A3-BCBF-4F67-8ABA-3FE2BC729862}.Debug|x64.Build.0 = Debug|x64
		{159583A3-BCBF-4F67-8ABA-3FE2BC729862}.Debug|x64.Deploy.0 = Debug|x64
		{159583A3-BCBF-4F67-8ABA-3FE2BC729862}.Debug|x86.ActiveCfg = Debug|x86
		{159583A3-BCBF-4F67-8ABA-3FE2BC729862}.Debug|x86.Build.0 = Debug|x86
		{159583A3-BCBF-4F67-8ABA-3FE2BC729862}.Debug|x86.Deploy.0 = Debug|x86
		{159583A3-BCBF-4F67-8ABA-3FE2BC729862}.Release|Any CPU.ActiveCfg = Release|Any CPU
		{159583A3-BCBF-4F67-8ABA-3FE2BC729862}.Release|Any CPU.Build.0 = Release|Any CPU
		{159583A3-BCBF-4F67-8ABA-3FE2BC729862}.Release|Any CPU.Deploy.0 = Release|Any CPU
		{159583A3-BCBF-4F67-8ABA-3FE2BC729862}.Release|ARM.ActiveCfg = Release|ARM
		{159583A3-BCBF-4F67-8ABA-3FE2BC729862}.Release|ARM.Build.0 = Release|ARM
		{159583A3-BCBF-4F67-8ABA-3FE2BC729862}.Release|ARM.Deploy.0 = Release|ARM
		{159583A3-BCBF-4F67-8ABA-3FE2BC729862}.Release|iPhone.ActiveCfg = Release|Any CPU
		{159583A3-BCBF-4F67-8ABA-3FE2BC729862}.Release|iPhone.Build.0 = Release|Any CPU
		{159583A3-BCBF-4F67-8ABA-3FE2BC729862}.Release|iPhone.Deploy.0 = Release|Any CPU
		{159583A3-BCBF-4F67-8ABA-3FE2BC729862}.Release|iPhoneSimulator.ActiveCfg = Release|Any CPU
		{159583A3-BCBF-4F67-8ABA-3FE2BC729862}.Release|iPhoneSimulator.Build.0 = Release|Any CPU
		{159583A3-BCBF-4F67-8ABA-3FE2BC729862}.Release|iPhoneSimulator.Deploy.0 = Release|Any CPU
		{159583A3-BCBF-4F67-8ABA-3FE2BC729862}.Release|x64.ActiveCfg = Release|x64
		{159583A3-BCBF-4F67-8ABA-3FE2BC729862}.Release|x64.Build.0 = Release|x64
		{159583A3-BCBF-4F67-8ABA-3FE2BC729862}.Release|x64.Deploy.0 = Release|x64
		{159583A3-BCBF-4F67-8ABA-3FE2BC729862}.Release|x86.ActiveCfg = Release|x86
		{159583A3-BCBF-4F67-8ABA-3FE2BC729862}.Release|x86.Build.0 = Release|x86
		{159583A3-BCBF-4F67-8ABA-3FE2BC729862}.Release|x86.Deploy.0 = Release|x86
		{4E415312-1F62-4C2D-BD74-7FE8F84C0EF0}.Ad-Hoc|Any CPU.ActiveCfg = Release|Any CPU
		{4E415312-1F62-4C2D-BD74-7FE8F84C0EF0}.Ad-Hoc|Any CPU.Build.0 = Release|Any CPU
		{4E415312-1F62-4C2D-BD74-7FE8F84C0EF0}.Ad-Hoc|ARM.ActiveCfg = Release|Any CPU
		{4E415312-1F62-4C2D-BD74-7FE8F84C0EF0}.Ad-Hoc|ARM.Build.0 = Release|Any CPU
		{4E415312-1F62-4C2D-BD74-7FE8F84C0EF0}.Ad-Hoc|iPhone.ActiveCfg = Release|Any CPU
		{4E415312-1F62-4C2D-BD74-7FE8F84C0EF0}.Ad-Hoc|iPhone.Build.0 = Release|Any CPU
		{4E415312-1F62-4C2D-BD74-7FE8F84C0EF0}.Ad-Hoc|iPhoneSimulator.ActiveCfg = Release|Any CPU
		{4E415312-1F62-4C2D-BD74-7FE8F84C0EF0}.Ad-Hoc|iPhoneSimulator.Build.0 = Release|Any CPU
		{4E415312-1F62-4C2D-BD74-7FE8F84C0EF0}.Ad-Hoc|x64.ActiveCfg = Release|Any CPU
		{4E415312-1F62-4C2D-BD74-7FE8F84C0EF0}.Ad-Hoc|x64.Build.0 = Release|Any CPU
		{4E415312-1F62-4C2D-BD74-7FE8F84C0EF0}.Ad-Hoc|x86.ActiveCfg = Release|Any CPU
		{4E415312-1F62-4C2D-BD74-7FE8F84C0EF0}.Ad-Hoc|x86.Build.0 = Release|Any CPU
		{4E415312-1F62-4C2D-BD74-7FE8F84C0EF0}.AppStore|Any CPU.ActiveCfg = Release|Any CPU
		{4E415312-1F62-4C2D-BD74-7FE8F84C0EF0}.AppStore|Any CPU.Build.0 = Release|Any CPU
		{4E415312-1F62-4C2D-BD74-7FE8F84C0EF0}.AppStore|ARM.ActiveCfg = Release|Any CPU
		{4E415312-1F62-4C2D-BD74-7FE8F84C0EF0}.AppStore|ARM.Build.0 = Release|Any CPU
		{4E415312-1F62-4C2D-BD74-7FE8F84C0EF0}.AppStore|iPhone.ActiveCfg = Release|Any CPU
		{4E415312-1F62-4C2D-BD74-7FE8F84C0EF0}.AppStore|iPhone.Build.0 = Release|Any CPU
		{4E415312-1F62-4C2D-BD74-7FE8F84C0EF0}.AppStore|iPhoneSimulator.ActiveCfg = Release|Any CPU
		{4E415312-1F62-4C2D-BD74-7FE8F84C0EF0}.AppStore|iPhoneSimulator.Build.0 = Release|Any CPU
		{4E415312-1F62-4C2D-BD74-7FE8F84C0EF0}.AppStore|x64.ActiveCfg = Release|Any CPU
		{4E415312-1F62-4C2D-BD74-7FE8F84C0EF0}.AppStore|x64.Build.0 = Release|Any CPU
		{4E415312-1F62-4C2D-BD74-7FE8F84C0EF0}.AppStore|x86.ActiveCfg = Release|Any CPU
		{4E415312-1F62-4C2D-BD74-7FE8F84C0EF0}.AppStore|x86.Build.0 = Release|Any CPU
		{4E415312-1F62-4C2D-BD74-7FE8F84C0EF0}.Debug|Any CPU.ActiveCfg = Debug|Any CPU
		{4E415312-1F62-4C2D-BD74-7FE8F84C0EF0}.Debug|Any CPU.Build.0 = Debug|Any CPU
		{4E415312-1F62-4C2D-BD74-7FE8F84C0EF0}.Debug|ARM.ActiveCfg = Debug|Any CPU
		{4E415312-1F62-4C2D-BD74-7FE8F84C0EF0}.Debug|ARM.Build.0 = Debug|Any CPU
		{4E415312-1F62-4C2D-BD74-7FE8F84C0EF0}.Debug|iPhone.ActiveCfg = Debug|Any CPU
		{4E415312-1F62-4C2D-BD74-7FE8F84C0EF0}.Debug|iPhone.Build.0 = Debug|Any CPU
		{4E415312-1F62-4C2D-BD74-7FE8F84C0EF0}.Debug|iPhoneSimulator.ActiveCfg = Debug|Any CPU
		{4E415312-1F62-4C2D-BD74-7FE8F84C0EF0}.Debug|iPhoneSimulator.Build.0 = Debug|Any CPU
		{4E415312-1F62-4C2D-BD74-7FE8F84C0EF0}.Debug|x64.ActiveCfg = Debug|Any CPU
		{4E415312-1F62-4C2D-BD74-7FE8F84C0EF0}.Debug|x64.Build.0 = Debug|Any CPU
		{4E415312-1F62-4C2D-BD74-7FE8F84C0EF0}.Debug|x86.ActiveCfg = Debug|Any CPU
		{4E415312-1F62-4C2D-BD74-7FE8F84C0EF0}.Debug|x86.Build.0 = Debug|Any CPU
		{4E415312-1F62-4C2D-BD74-7FE8F84C0EF0}.Release|Any CPU.ActiveCfg = Release|Any CPU
		{4E415312-1F62-4C2D-BD74-7FE8F84C0EF0}.Release|Any CPU.Build.0 = Release|Any CPU
		{4E415312-1F62-4C2D-BD74-7FE8F84C0EF0}.Release|ARM.ActiveCfg = Release|Any CPU
		{4E415312-1F62-4C2D-BD74-7FE8F84C0EF0}.Release|ARM.Build.0 = Release|Any CPU
		{4E415312-1F62-4C2D-BD74-7FE8F84C0EF0}.Release|iPhone.ActiveCfg = Release|Any CPU
		{4E415312-1F62-4C2D-BD74-7FE8F84C0EF0}.Release|iPhone.Build.0 = Release|Any CPU
		{4E415312-1F62-4C2D-BD74-7FE8F84C0EF0}.Release|iPhoneSimulator.ActiveCfg = Release|Any CPU
		{4E415312-1F62-4C2D-BD74-7FE8F84C0EF0}.Release|iPhoneSimulator.Build.0 = Release|Any CPU
		{4E415312-1F62-4C2D-BD74-7FE8F84C0EF0}.Release|x64.ActiveCfg = Release|Any CPU
		{4E415312-1F62-4C2D-BD74-7FE8F84C0EF0}.Release|x64.Build.0 = Release|Any CPU
		{4E415312-1F62-4C2D-BD74-7FE8F84C0EF0}.Release|x86.ActiveCfg = Release|Any CPU
		{4E415312-1F62-4C2D-BD74-7FE8F84C0EF0}.Release|x86.Build.0 = Release|Any CPU
	EndGlobalSection
	GlobalSection(SolutionProperties) = preSolution
		HideSolutionNode = FALSE
	EndGlobalSection
EndGlobal
