
Microsoft Visual Studio Solution File, Format Version 12.00
# Visual Studio 14
VisualStudioVersion = 14.0.25123.0
MinimumVisualStudioVersion = 10.0.40219.1
Project("{FAE04EC0-301F-11D3-BF4B-00C04F79EFBC}") = "ChefTest4.Droid", "ChefTest4\ChefTest4.Droid\ChefTest4.Droid.csproj", "{EF5DDD31-EB5A-4334-8FB1-3A409E9C685B}"
EndProject
Project("{FAE04EC0-301F-11D3-BF4B-00C04F79EFBC}") = "ChefTest4.iOS", "ChefTest4\ChefTest4.iOS\ChefTest4.iOS.csproj", "{F94F08B2-14C9-433B-AED5-E758862EBEAC}"
EndProject
Project("{FAE04EC0-301F-11D3-BF4B-00C04F79EFBC}") = "ChefTest4.WinPhone", "ChefTest4\ChefTest4.WinPhone\ChefTest4.WinPhone.csproj", "{E591C3A2-56FA-4952-B373-9BE2C72339CF}"
EndProject
Project("{FAE04EC0-301F-11D3-BF4B-00C04F79EFBC}") = "ChefTest4.UWP", "ChefTest4\ChefTest4.UWP\ChefTest4.UWP.csproj", "{9DB12138-E8C1-489A-A4FD-DD50AF80CD7F}"
EndProject
Project("{FAE04EC0-301F-11D3-BF4B-00C04F79EFBC}") = "ChefTest4.Windows", "ChefTest4\ChefTest4.Windows\ChefTest4.Windows.csproj", "{BBC7D7F3-CB93-41DA-B666-F4D810CA0CF5}"
EndProject
Project("{FAE04EC0-301F-11D3-BF4B-00C04F79EFBC}") = "ChefTest4", "ChefTest4\ChefTest4\ChefTest4.csproj", "{9BCF34CA-EDEE-4278-9484-6D79B0293F43}"
EndProject
Global
	GlobalSection(SolutionConfigurationPlatforms) = preSolution
		Ad-Hoc|Any CPU = Ad-Hoc|Any CPU
		Ad-Hoc|ARM = Ad-Hoc|ARM
		Ad-Hoc|iPhone = Ad-Hoc|iPhone
		Ad-Hoc|iPhoneSimulator = Ad-Hoc|iPhoneSimulator
		Ad-Hoc|x64 = Ad-Hoc|x64
		Ad-Hoc|x86 = Ad-Hoc|x86
		AppStore|Any CPU = AppStore|Any CPU
		AppStore|ARM = AppStore|ARM
		AppStore|iPhone = AppStore|iPhone
		AppStore|iPhoneSimulator = AppStore|iPhoneSimulator
		AppStore|x64 = AppStore|x64
		AppStore|x86 = AppStore|x86
		Debug|Any CPU = Debug|Any CPU
		Debug|ARM = Debug|ARM
		Debug|iPhone = Debug|iPhone
		Debug|iPhoneSimulator = Debug|iPhoneSimulator
		Debug|x64 = Debug|x64
		Debug|x86 = Debug|x86
		Release|Any CPU = Release|Any CPU
		Release|ARM = Release|ARM
		Release|iPhone = Release|iPhone
		Release|iPhoneSimulator = Release|iPhoneSimulator
		Release|x64 = Release|x64
		Release|x86 = Release|x86
	EndGlobalSection
	GlobalSection(ProjectConfigurationPlatforms) = postSolution
		{EF5DDD31-EB5A-4334-8FB1-3A409E9C685B}.Ad-Hoc|Any CPU.ActiveCfg = Release|Any CPU
		{EF5DDD31-EB5A-4334-8FB1-3A409E9C685B}.Ad-Hoc|Any CPU.Build.0 = Release|Any CPU
		{EF5DDD31-EB5A-4334-8FB1-3A409E9C685B}.Ad-Hoc|Any CPU.Deploy.0 = Release|Any CPU
		{EF5DDD31-EB5A-4334-8FB1-3A409E9C685B}.Ad-Hoc|ARM.ActiveCfg = Release|Any CPU
		{EF5DDD31-EB5A-4334-8FB1-3A409E9C685B}.Ad-Hoc|ARM.Build.0 = Release|Any CPU
		{EF5DDD31-EB5A-4334-8FB1-3A409E9C685B}.Ad-Hoc|ARM.Deploy.0 = Release|Any CPU
		{EF5DDD31-EB5A-4334-8FB1-3A409E9C685B}.Ad-Hoc|iPhone.ActiveCfg = Release|Any CPU
		{EF5DDD31-EB5A-4334-8FB1-3A409E9C685B}.Ad-Hoc|iPhone.Build.0 = Release|Any CPU
		{EF5DDD31-EB5A-4334-8FB1-3A409E9C685B}.Ad-Hoc|iPhone.Deploy.0 = Release|Any CPU
		{EF5DDD31-EB5A-4334-8FB1-3A409E9C685B}.Ad-Hoc|iPhoneSimulator.ActiveCfg = Release|Any CPU
		{EF5DDD31-EB5A-4334-8FB1-3A409E9C685B}.Ad-Hoc|iPhoneSimulator.Build.0 = Release|Any CPU
		{EF5DDD31-EB5A-4334-8FB1-3A409E9C685B}.Ad-Hoc|iPhoneSimulator.Deploy.0 = Release|Any CPU
		{EF5DDD31-EB5A-4334-8FB1-3A409E9C685B}.Ad-Hoc|x64.ActiveCfg = Release|Any CPU
		{EF5DDD31-EB5A-4334-8FB1-3A409E9C685B}.Ad-Hoc|x64.Build.0 = Release|Any CPU
		{EF5DDD31-EB5A-4334-8FB1-3A409E9C685B}.Ad-Hoc|x64.Deploy.0 = Release|Any CPU
		{EF5DDD31-EB5A-4334-8FB1-3A409E9C685B}.Ad-Hoc|x86.ActiveCfg = Release|Any CPU
		{EF5DDD31-EB5A-4334-8FB1-3A409E9C685B}.Ad-Hoc|x86.Build.0 = Release|Any CPU
		{EF5DDD31-EB5A-4334-8FB1-3A409E9C685B}.Ad-Hoc|x86.Deploy.0 = Release|Any CPU
		{EF5DDD31-EB5A-4334-8FB1-3A409E9C685B}.AppStore|Any CPU.ActiveCfg = Release|Any CPU
		{EF5DDD31-EB5A-4334-8FB1-3A409E9C685B}.AppStore|Any CPU.Build.0 = Release|Any CPU
		{EF5DDD31-EB5A-4334-8FB1-3A409E9C685B}.AppStore|Any CPU.Deploy.0 = Release|Any CPU
		{EF5DDD31-EB5A-4334-8FB1-3A409E9C685B}.AppStore|ARM.ActiveCfg = Release|Any CPU
		{EF5DDD31-EB5A-4334-8FB1-3A409E9C685B}.AppStore|ARM.Build.0 = Release|Any CPU
		{EF5DDD31-EB5A-4334-8FB1-3A409E9C685B}.AppStore|ARM.Deploy.0 = Release|Any CPU
		{EF5DDD31-EB5A-4334-8FB1-3A409E9C685B}.AppStore|iPhone.ActiveCfg = Release|Any CPU
		{EF5DDD31-EB5A-4334-8FB1-3A409E9C685B}.AppStore|iPhone.Build.0 = Release|Any CPU
		{EF5DDD31-EB5A-4334-8FB1-3A409E9C685B}.AppStore|iPhone.Deploy.0 = Release|Any CPU
		{EF5DDD31-EB5A-4334-8FB1-3A409E9C685B}.AppStore|iPhoneSimulator.ActiveCfg = Release|Any CPU
		{EF5DDD31-EB5A-4334-8FB1-3A409E9C685B}.AppStore|iPhoneSimulator.Build.0 = Release|Any CPU
		{EF5DDD31-EB5A-4334-8FB1-3A409E9C685B}.AppStore|iPhoneSimulator.Deploy.0 = Release|Any CPU
		{EF5DDD31-EB5A-4334-8FB1-3A409E9C685B}.AppStore|x64.ActiveCfg = Release|Any CPU
		{EF5DDD31-EB5A-4334-8FB1-3A409E9C685B}.AppStore|x64.Build.0 = Release|Any CPU
		{EF5DDD31-EB5A-4334-8FB1-3A409E9C685B}.AppStore|x64.Deploy.0 = Release|Any CPU
		{EF5DDD31-EB5A-4334-8FB1-3A409E9C685B}.AppStore|x86.ActiveCfg = Release|Any CPU
		{EF5DDD31-EB5A-4334-8FB1-3A409E9C685B}.AppStore|x86.Build.0 = Release|Any CPU
		{EF5DDD31-EB5A-4334-8FB1-3A409E9C685B}.AppStore|x86.Deploy.0 = Release|Any CPU
		{EF5DDD31-EB5A-4334-8FB1-3A409E9C685B}.Debug|Any CPU.ActiveCfg = Debug|Any CPU
		{EF5DDD31-EB5A-4334-8FB1-3A409E9C685B}.Debug|Any CPU.Build.0 = Debug|Any CPU
		{EF5DDD31-EB5A-4334-8FB1-3A409E9C685B}.Debug|Any CPU.Deploy.0 = Debug|Any CPU
		{EF5DDD31-EB5A-4334-8FB1-3A409E9C685B}.Debug|ARM.ActiveCfg = Debug|Any CPU
		{EF5DDD31-EB5A-4334-8FB1-3A409E9C685B}.Debug|ARM.Build.0 = Debug|Any CPU
		{EF5DDD31-EB5A-4334-8FB1-3A409E9C685B}.Debug|ARM.Deploy.0 = Debug|Any CPU
		{EF5DDD31-EB5A-4334-8FB1-3A409E9C685B}.Debug|iPhone.ActiveCfg = Debug|Any CPU
		{EF5DDD31-EB5A-4334-8FB1-3A409E9C685B}.Debug|iPhone.Build.0 = Debug|Any CPU
		{EF5DDD31-EB5A-4334-8FB1-3A409E9C685B}.Debug|iPhone.Deploy.0 = Debug|Any CPU
		{EF5DDD31-EB5A-4334-8FB1-3A409E9C685B}.Debug|iPhoneSimulator.ActiveCfg = Debug|Any CPU
		{EF5DDD31-EB5A-4334-8FB1-3A409E9C685B}.Debug|iPhoneSimulator.Build.0 = Debug|Any CPU
		{EF5DDD31-EB5A-4334-8FB1-3A409E9C685B}.Debug|iPhoneSimulator.Deploy.0 = Debug|Any CPU
		{EF5DDD31-EB5A-4334-8FB1-3A409E9C685B}.Debug|x64.ActiveCfg = Debug|Any CPU
		{EF5DDD31-EB5A-4334-8FB1-3A409E9C685B}.Debug|x64.Build.0 = Debug|Any CPU
		{EF5DDD31-EB5A-4334-8FB1-3A409E9C685B}.Debug|x64.Deploy.0 = Debug|Any CPU
		{EF5DDD31-EB5A-4334-8FB1-3A409E9C685B}.Debug|x86.ActiveCfg = Debug|Any CPU
		{EF5DDD31-EB5A-4334-8FB1-3A409E9C685B}.Debug|x86.Build.0 = Debug|Any CPU
		{EF5DDD31-EB5A-4334-8FB1-3A409E9C685B}.Debug|x86.Deploy.0 = Debug|Any CPU
		{EF5DDD31-EB5A-4334-8FB1-3A409E9C685B}.Release|Any CPU.ActiveCfg = Release|Any CPU
		{EF5DDD31-EB5A-4334-8FB1-3A409E9C685B}.Release|Any CPU.Build.0 = Release|Any CPU
		{EF5DDD31-EB5A-4334-8FB1-3A409E9C685B}.Release|Any CPU.Deploy.0 = Release|Any CPU
		{EF5DDD31-EB5A-4334-8FB1-3A409E9C685B}.Release|ARM.ActiveCfg = Release|Any CPU
		{EF5DDD31-EB5A-4334-8FB1-3A409E9C685B}.Release|ARM.Build.0 = Release|Any CPU
		{EF5DDD31-EB5A-4334-8FB1-3A409E9C685B}.Release|ARM.Deploy.0 = Release|Any CPU
		{EF5DDD31-EB5A-4334-8FB1-3A409E9C685B}.Release|iPhone.ActiveCfg = Release|Any CPU
		{EF5DDD31-EB5A-4334-8FB1-3A409E9C685B}.Release|iPhone.Build.0 = Release|Any CPU
		{EF5DDD31-EB5A-4334-8FB1-3A409E9C685B}.Release|iPhone.Deploy.0 = Release|Any CPU
		{EF5DDD31-EB5A-4334-8FB1-3A409E9C685B}.Release|iPhoneSimulator.ActiveCfg = Release|Any CPU
		{EF5DDD31-EB5A-4334-8FB1-3A409E9C685B}.Release|iPhoneSimulator.Build.0 = Release|Any CPU
		{EF5DDD31-EB5A-4334-8FB1-3A409E9C685B}.Release|iPhoneSimulator.Deploy.0 = Release|Any CPU
		{EF5DDD31-EB5A-4334-8FB1-3A409E9C685B}.Release|x64.ActiveCfg = Release|Any CPU
		{EF5DDD31-EB5A-4334-8FB1-3A409E9C685B}.Release|x64.Build.0 = Release|Any CPU
		{EF5DDD31-EB5A-4334-8FB1-3A409E9C685B}.Release|x64.Deploy.0 = Release|Any CPU
		{EF5DDD31-EB5A-4334-8FB1-3A409E9C685B}.Release|x86.ActiveCfg = Release|Any CPU
		{EF5DDD31-EB5A-4334-8FB1-3A409E9C685B}.Release|x86.Build.0 = Release|Any CPU
		{EF5DDD31-EB5A-4334-8FB1-3A409E9C685B}.Release|x86.Deploy.0 = Release|Any CPU
		{F94F08B2-14C9-433B-AED5-E758862EBEAC}.Ad-Hoc|Any CPU.ActiveCfg = Ad-Hoc|iPhone
		{F94F08B2-14C9-433B-AED5-E758862EBEAC}.Ad-Hoc|ARM.ActiveCfg = Ad-Hoc|iPhone
		{F94F08B2-14C9-433B-AED5-E758862EBEAC}.Ad-Hoc|iPhone.ActiveCfg = Ad-Hoc|iPhone
		{F94F08B2-14C9-433B-AED5-E758862EBEAC}.Ad-Hoc|iPhone.Build.0 = Ad-Hoc|iPhone
		{F94F08B2-14C9-433B-AED5-E758862EBEAC}.Ad-Hoc|iPhoneSimulator.ActiveCfg = Ad-Hoc|iPhoneSimulator
		{F94F08B2-14C9-433B-AED5-E758862EBEAC}.Ad-Hoc|iPhoneSimulator.Build.0 = Ad-Hoc|iPhoneSimulator
		{F94F08B2-14C9-433B-AED5-E758862EBEAC}.Ad-Hoc|x64.ActiveCfg = Ad-Hoc|iPhone
		{F94F08B2-14C9-433B-AED5-E758862EBEAC}.Ad-Hoc|x86.ActiveCfg = Ad-Hoc|iPhone
		{F94F08B2-14C9-433B-AED5-E758862EBEAC}.AppStore|Any CPU.ActiveCfg = AppStore|iPhone
		{F94F08B2-14C9-433B-AED5-E758862EBEAC}.AppStore|ARM.ActiveCfg = AppStore|iPhone
		{F94F08B2-14C9-433B-AED5-E758862EBEAC}.AppStore|iPhone.ActiveCfg = AppStore|iPhone
		{F94F08B2-14C9-433B-AED5-E758862EBEAC}.AppStore|iPhone.Build.0 = AppStore|iPhone
		{F94F08B2-14C9-433B-AED5-E758862EBEAC}.AppStore|iPhoneSimulator.ActiveCfg = AppStore|iPhoneSimulator
		{F94F08B2-14C9-433B-AED5-E758862EBEAC}.AppStore|iPhoneSimulator.Build.0 = AppStore|iPhoneSimulator
		{F94F08B2-14C9-433B-AED5-E758862EBEAC}.AppStore|x64.ActiveCfg = AppStore|iPhone
		{F94F08B2-14C9-433B-AED5-E758862EBEAC}.AppStore|x86.ActiveCfg = AppStore|iPhone
		{F94F08B2-14C9-433B-AED5-E758862EBEAC}.Debug|Any CPU.ActiveCfg = Debug|iPhone
		{F94F08B2-14C9-433B-AED5-E758862EBEAC}.Debug|ARM.ActiveCfg = Debug|iPhone
		{F94F08B2-14C9-433B-AED5-E758862EBEAC}.Debug|iPhone.ActiveCfg = Debug|iPhone
		{F94F08B2-14C9-433B-AED5-E758862EBEAC}.Debug|iPhone.Build.0 = Debug|iPhone
		{F94F08B2-14C9-433B-AED5-E758862EBEAC}.Debug|iPhoneSimulator.ActiveCfg = Debug|iPhoneSimulator
		{F94F08B2-14C9-433B-AED5-E758862EBEAC}.Debug|iPhoneSimulator.Build.0 = Debug|iPhoneSimulator
		{F94F08B2-14C9-433B-AED5-E758862EBEAC}.Debug|x64.ActiveCfg = Debug|iPhone
		{F94F08B2-14C9-433B-AED5-E758862EBEAC}.Debug|x86.ActiveCfg = Debug|iPhone
		{F94F08B2-14C9-433B-AED5-E758862EBEAC}.Release|Any CPU.ActiveCfg = Release|iPhone
		{F94F08B2-14C9-433B-AED5-E758862EBEAC}.Release|ARM.ActiveCfg = Release|iPhone
		{F94F08B2-14C9-433B-AED5-E758862EBEAC}.Release|iPhone.ActiveCfg = Release|iPhone
		{F94F08B2-14C9-433B-AED5-E758862EBEAC}.Release|iPhone.Build.0 = Release|iPhone
		{F94F08B2-14C9-433B-AED5-E758862EBEAC}.Release|iPhoneSimulator.ActiveCfg = Release|iPhoneSimulator
		{F94F08B2-14C9-433B-AED5-E758862EBEAC}.Release|iPhoneSimulator.Build.0 = Release|iPhoneSimulator
		{F94F08B2-14C9-433B-AED5-E758862EBEAC}.Release|x64.ActiveCfg = Release|iPhone
		{F94F08B2-14C9-433B-AED5-E758862EBEAC}.Release|x86.ActiveCfg = Release|iPhone
		{E591C3A2-56FA-4952-B373-9BE2C72339CF}.Ad-Hoc|Any CPU.ActiveCfg = Release|Any CPU
		{E591C3A2-56FA-4952-B373-9BE2C72339CF}.Ad-Hoc|Any CPU.Build.0 = Release|Any CPU
		{E591C3A2-56FA-4952-B373-9BE2C72339CF}.Ad-Hoc|Any CPU.Deploy.0 = Release|Any CPU
		{E591C3A2-56FA-4952-B373-9BE2C72339CF}.Ad-Hoc|ARM.ActiveCfg = Release|ARM
		{E591C3A2-56FA-4952-B373-9BE2C72339CF}.Ad-Hoc|ARM.Build.0 = Release|ARM
		{E591C3A2-56FA-4952-B373-9BE2C72339CF}.Ad-Hoc|ARM.Deploy.0 = Release|ARM
		{E591C3A2-56FA-4952-B373-9BE2C72339CF}.Ad-Hoc|iPhone.ActiveCfg = Release|Any CPU
		{E591C3A2-56FA-4952-B373-9BE2C72339CF}.Ad-Hoc|iPhone.Build.0 = Release|Any CPU
		{E591C3A2-56FA-4952-B373-9BE2C72339CF}.Ad-Hoc|iPhone.Deploy.0 = Release|Any CPU
		{E591C3A2-56FA-4952-B373-9BE2C72339CF}.Ad-Hoc|iPhoneSimulator.ActiveCfg = Release|Any CPU
		{E591C3A2-56FA-4952-B373-9BE2C72339CF}.Ad-Hoc|iPhoneSimulator.Build.0 = Release|Any CPU
		{E591C3A2-56FA-4952-B373-9BE2C72339CF}.Ad-Hoc|iPhoneSimulator.Deploy.0 = Release|Any CPU
		{E591C3A2-56FA-4952-B373-9BE2C72339CF}.Ad-Hoc|x64.ActiveCfg = Release|Any CPU
		{E591C3A2-56FA-4952-B373-9BE2C72339CF}.Ad-Hoc|x64.Build.0 = Release|Any CPU
		{E591C3A2-56FA-4952-B373-9BE2C72339CF}.Ad-Hoc|x64.Deploy.0 = Release|Any CPU
		{E591C3A2-56FA-4952-B373-9BE2C72339CF}.Ad-Hoc|x86.ActiveCfg = Release|x86
		{E591C3A2-56FA-4952-B373-9BE2C72339CF}.Ad-Hoc|x86.Build.0 = Release|x86
		{E591C3A2-56FA-4952-B373-9BE2C72339CF}.Ad-Hoc|x86.Deploy.0 = Release|x86
		{E591C3A2-56FA-4952-B373-9BE2C72339CF}.AppStore|Any CPU.ActiveCfg = Release|Any CPU
		{E591C3A2-56FA-4952-B373-9BE2C72339CF}.AppStore|Any CPU.Build.0 = Release|Any CPU
		{E591C3A2-56FA-4952-B373-9BE2C72339CF}.AppStore|Any CPU.Deploy.0 = Release|Any CPU
		{E591C3A2-56FA-4952-B373-9BE2C72339CF}.AppStore|ARM.ActiveCfg = Release|ARM
		{E591C3A2-56FA-4952-B373-9BE2C72339CF}.AppStore|ARM.Build.0 = Release|ARM
		{E591C3A2-56FA-4952-B373-9BE2C72339CF}.AppStore|ARM.Deploy.0 = Release|ARM
		{E591C3A2-56FA-4952-B373-9BE2C72339CF}.AppStore|iPhone.ActiveCfg = Release|Any CPU
		{E591C3A2-56FA-4952-B373-9BE2C72339CF}.AppStore|iPhone.Build.0 = Release|Any CPU
		{E591C3A2-56FA-4952-B373-9BE2C72339CF}.AppStore|iPhone.Deploy.0 = Release|Any CPU
		{E591C3A2-56FA-4952-B373-9BE2C72339CF}.AppStore|iPhoneSimulator.ActiveCfg = Release|Any CPU
		{E591C3A2-56FA-4952-B373-9BE2C72339CF}.AppStore|iPhoneSimulator.Build.0 = Release|Any CPU
		{E591C3A2-56FA-4952-B373-9BE2C72339CF}.AppStore|iPhoneSimulator.Deploy.0 = Release|Any CPU
		{E591C3A2-56FA-4952-B373-9BE2C72339CF}.AppStore|x64.ActiveCfg = Release|Any CPU
		{E591C3A2-56FA-4952-B373-9BE2C72339CF}.AppStore|x64.Build.0 = Release|Any CPU
		{E591C3A2-56FA-4952-B373-9BE2C72339CF}.AppStore|x64.Deploy.0 = Release|Any CPU
		{E591C3A2-56FA-4952-B373-9BE2C72339CF}.AppStore|x86.ActiveCfg = Release|x86
		{E591C3A2-56FA-4952-B373-9BE2C72339CF}.AppStore|x86.Build.0 = Release|x86
		{E591C3A2-56FA-4952-B373-9BE2C72339CF}.AppStore|x86.Deploy.0 = Release|x86
		{E591C3A2-56FA-4952-B373-9BE2C72339CF}.Debug|Any CPU.ActiveCfg = Debug|Any CPU
		{E591C3A2-56FA-4952-B373-9BE2C72339CF}.Debug|Any CPU.Build.0 = Debug|Any CPU
		{E591C3A2-56FA-4952-B373-9BE2C72339CF}.Debug|Any CPU.Deploy.0 = Debug|Any CPU
		{E591C3A2-56FA-4952-B373-9BE2C72339CF}.Debug|ARM.ActiveCfg = Debug|ARM
		{E591C3A2-56FA-4952-B373-9BE2C72339CF}.Debug|ARM.Build.0 = Debug|ARM
		{E591C3A2-56FA-4952-B373-9BE2C72339CF}.Debug|ARM.Deploy.0 = Debug|ARM
		{E591C3A2-56FA-4952-B373-9BE2C72339CF}.Debug|iPhone.ActiveCfg = Debug|Any CPU
		{E591C3A2-56FA-4952-B373-9BE2C72339CF}.Debug|iPhone.Build.0 = Debug|Any CPU
		{E591C3A2-56FA-4952-B373-9BE2C72339CF}.Debug|iPhone.Deploy.0 = Debug|Any CPU
		{E591C3A2-56FA-4952-B373-9BE2C72339CF}.Debug|iPhoneSimulator.ActiveCfg = Debug|Any CPU
		{E591C3A2-56FA-4952-B373-9BE2C72339CF}.Debug|iPhoneSimulator.Build.0 = Debug|Any CPU
		{E591C3A2-56FA-4952-B373-9BE2C72339CF}.Debug|iPhoneSimulator.Deploy.0 = Debug|Any CPU
		{E591C3A2-56FA-4952-B373-9BE2C72339CF}.Debug|x64.ActiveCfg = Debug|Any CPU
		{E591C3A2-56FA-4952-B373-9BE2C72339CF}.Debug|x64.Build.0 = Debug|Any CPU
		{E591C3A2-56FA-4952-B373-9BE2C72339CF}.Debug|x64.Deploy.0 = Debug|Any CPU
		{E591C3A2-56FA-4952-B373-9BE2C72339CF}.Debug|x86.ActiveCfg = Debug|x86
		{E591C3A2-56FA-4952-B373-9BE2C72339CF}.Debug|x86.Build.0 = Debug|x86
		{E591C3A2-56FA-4952-B373-9BE2C72339CF}.Debug|x86.Deploy.0 = Debug|x86
		{E591C3A2-56FA-4952-B373-9BE2C72339CF}.Release|Any CPU.ActiveCfg = Release|Any CPU
		{E591C3A2-56FA-4952-B373-9BE2C72339CF}.Release|Any CPU.Build.0 = Release|Any CPU
		{E591C3A2-56FA-4952-B373-9BE2C72339CF}.Release|Any CPU.Deploy.0 = Release|Any CPU
		{E591C3A2-56FA-4952-B373-9BE2C72339CF}.Release|ARM.ActiveCfg = Release|ARM
		{E591C3A2-56FA-4952-B373-9BE2C72339CF}.Release|ARM.Build.0 = Release|ARM
		{E591C3A2-56FA-4952-B373-9BE2C72339CF}.Release|ARM.Deploy.0 = Release|ARM
		{E591C3A2-56FA-4952-B373-9BE2C72339CF}.Release|iPhone.ActiveCfg = Release|Any CPU
		{E591C3A2-56FA-4952-B373-9BE2C72339CF}.Release|iPhone.Build.0 = Release|Any CPU
		{E591C3A2-56FA-4952-B373-9BE2C72339CF}.Release|iPhone.Deploy.0 = Release|Any CPU
		{E591C3A2-56FA-4952-B373-9BE2C72339CF}.Release|iPhoneSimulator.ActiveCfg = Release|Any CPU
		{E591C3A2-56FA-4952-B373-9BE2C72339CF}.Release|iPhoneSimulator.Build.0 = Release|Any CPU
		{E591C3A2-56FA-4952-B373-9BE2C72339CF}.Release|iPhoneSimulator.Deploy.0 = Release|Any CPU
		{E591C3A2-56FA-4952-B373-9BE2C72339CF}.Release|x64.ActiveCfg = Release|Any CPU
		{E591C3A2-56FA-4952-B373-9BE2C72339CF}.Release|x64.Build.0 = Release|Any CPU
		{E591C3A2-56FA-4952-B373-9BE2C72339CF}.Release|x64.Deploy.0 = Release|Any CPU
		{E591C3A2-56FA-4952-B373-9BE2C72339CF}.Release|x86.ActiveCfg = Release|x86
		{E591C3A2-56FA-4952-B373-9BE2C72339CF}.Release|x86.Build.0 = Release|x86
		{E591C3A2-56FA-4952-B373-9BE2C72339CF}.Release|x86.Deploy.0 = Release|x86
		{9DB12138-E8C1-489A-A4FD-DD50AF80CD7F}.Ad-Hoc|Any CPU.ActiveCfg = Release|x86
		{9DB12138-E8C1-489A-A4FD-DD50AF80CD7F}.Ad-Hoc|Any CPU.Build.0 = Release|x86
		{9DB12138-E8C1-489A-A4FD-DD50AF80CD7F}.Ad-Hoc|Any CPU.Deploy.0 = Release|x86
		{9DB12138-E8C1-489A-A4FD-DD50AF80CD7F}.Ad-Hoc|ARM.ActiveCfg = Release|ARM
		{9DB12138-E8C1-489A-A4FD-DD50AF80CD7F}.Ad-Hoc|ARM.Build.0 = Release|ARM
		{9DB12138-E8C1-489A-A4FD-DD50AF80CD7F}.Ad-Hoc|ARM.Deploy.0 = Release|ARM
		{9DB12138-E8C1-489A-A4FD-DD50AF80CD7F}.Ad-Hoc|iPhone.ActiveCfg = Release|x86
		{9DB12138-E8C1-489A-A4FD-DD50AF80CD7F}.Ad-Hoc|iPhone.Build.0 = Release|x86
		{9DB12138-E8C1-489A-A4FD-DD50AF80CD7F}.Ad-Hoc|iPhone.Deploy.0 = Release|x86
		{9DB12138-E8C1-489A-A4FD-DD50AF80CD7F}.Ad-Hoc|iPhoneSimulator.ActiveCfg = Release|x86
		{9DB12138-E8C1-489A-A4FD-DD50AF80CD7F}.Ad-Hoc|iPhoneSimulator.Build.0 = Release|x86
		{9DB12138-E8C1-489A-A4FD-DD50AF80CD7F}.Ad-Hoc|iPhoneSimulator.Deploy.0 = Release|x86
		{9DB12138-E8C1-489A-A4FD-DD50AF80CD7F}.Ad-Hoc|x64.ActiveCfg = Release|x64
		{9DB12138-E8C1-489A-A4FD-DD50AF80CD7F}.Ad-Hoc|x64.Build.0 = Release|x64
		{9DB12138-E8C1-489A-A4FD-DD50AF80CD7F}.Ad-Hoc|x64.Deploy.0 = Release|x64
		{9DB12138-E8C1-489A-A4FD-DD50AF80CD7F}.Ad-Hoc|x86.ActiveCfg = Release|x86
		{9DB12138-E8C1-489A-A4FD-DD50AF80CD7F}.Ad-Hoc|x86.Build.0 = Release|x86
		{9DB12138-E8C1-489A-A4FD-DD50AF80CD7F}.Ad-Hoc|x86.Deploy.0 = Release|x86
		{9DB12138-E8C1-489A-A4FD-DD50AF80CD7F}.AppStore|Any CPU.ActiveCfg = Release|x86
		{9DB12138-E8C1-489A-A4FD-DD50AF80CD7F}.AppStore|Any CPU.Build.0 = Release|x86
		{9DB12138-E8C1-489A-A4FD-DD50AF80CD7F}.AppStore|Any CPU.Deploy.0 = Release|x86
		{9DB12138-E8C1-489A-A4FD-DD50AF80CD7F}.AppStore|ARM.ActiveCfg = Release|ARM
		{9DB12138-E8C1-489A-A4FD-DD50AF80CD7F}.AppStore|ARM.Build.0 = Release|ARM
		{9DB12138-E8C1-489A-A4FD-DD50AF80CD7F}.AppStore|ARM.Deploy.0 = Release|ARM
		{9DB12138-E8C1-489A-A4FD-DD50AF80CD7F}.AppStore|iPhone.ActiveCfg = Release|x86
		{9DB12138-E8C1-489A-A4FD-DD50AF80CD7F}.AppStore|iPhone.Build.0 = Release|x86
		{9DB12138-E8C1-489A-A4FD-DD50AF80CD7F}.AppStore|iPhone.Deploy.0 = Release|x86
		{9DB12138-E8C1-489A-A4FD-DD50AF80CD7F}.AppStore|iPhoneSimulator.ActiveCfg = Release|x86
		{9DB12138-E8C1-489A-A4FD-DD50AF80CD7F}.AppStore|iPhoneSimulator.Build.0 = Release|x86
		{9DB12138-E8C1-489A-A4FD-DD50AF80CD7F}.AppStore|iPhoneSimulator.Deploy.0 = Release|x86
		{9DB12138-E8C1-489A-A4FD-DD50AF80CD7F}.AppStore|x64.ActiveCfg = Release|x64
		{9DB12138-E8C1-489A-A4FD-DD50AF80CD7F}.AppStore|x64.Build.0 = Release|x64
		{9DB12138-E8C1-489A-A4FD-DD50AF80CD7F}.AppStore|x64.Deploy.0 = Release|x64
		{9DB12138-E8C1-489A-A4FD-DD50AF80CD7F}.AppStore|x86.ActiveCfg = Release|x86
		{9DB12138-E8C1-489A-A4FD-DD50AF80CD7F}.AppStore|x86.Build.0 = Release|x86
		{9DB12138-E8C1-489A-A4FD-DD50AF80CD7F}.AppStore|x86.Deploy.0 = Release|x86
		{9DB12138-E8C1-489A-A4FD-DD50AF80CD7F}.Debug|Any CPU.ActiveCfg = Debug|x86
		{9DB12138-E8C1-489A-A4FD-DD50AF80CD7F}.Debug|ARM.ActiveCfg = Debug|ARM
		{9DB12138-E8C1-489A-A4FD-DD50AF80CD7F}.Debug|ARM.Build.0 = Debug|ARM
		{9DB12138-E8C1-489A-A4FD-DD50AF80CD7F}.Debug|ARM.Deploy.0 = Debug|ARM
		{9DB12138-E8C1-489A-A4FD-DD50AF80CD7F}.Debug|iPhone.ActiveCfg = Debug|x86
		{9DB12138-E8C1-489A-A4FD-DD50AF80CD7F}.Debug|iPhoneSimulator.ActiveCfg = Debug|x86
		{9DB12138-E8C1-489A-A4FD-DD50AF80CD7F}.Debug|x64.ActiveCfg = Debug|x64
		{9DB12138-E8C1-489A-A4FD-DD50AF80CD7F}.Debug|x64.Build.0 = Debug|x64
		{9DB12138-E8C1-489A-A4FD-DD50AF80CD7F}.Debug|x64.Deploy.0 = Debug|x64
		{9DB12138-E8C1-489A-A4FD-DD50AF80CD7F}.Debug|x86.ActiveCfg = Debug|x86
		{9DB12138-E8C1-489A-A4FD-DD50AF80CD7F}.Debug|x86.Build.0 = Debug|x86
		{9DB12138-E8C1-489A-A4FD-DD50AF80CD7F}.Debug|x86.Deploy.0 = Debug|x86
		{9DB12138-E8C1-489A-A4FD-DD50AF80CD7F}.Release|Any CPU.ActiveCfg = Release|x86
		{9DB12138-E8C1-489A-A4FD-DD50AF80CD7F}.Release|ARM.ActiveCfg = Release|ARM
		{9DB12138-E8C1-489A-A4FD-DD50AF80CD7F}.Release|ARM.Build.0 = Release|ARM
		{9DB12138-E8C1-489A-A4FD-DD50AF80CD7F}.Release|ARM.Deploy.0 = Release|ARM
		{9DB12138-E8C1-489A-A4FD-DD50AF80CD7F}.Release|iPhone.ActiveCfg = Release|x86
		{9DB12138-E8C1-489A-A4FD-DD50AF80CD7F}.Release|iPhoneSimulator.ActiveCfg = Release|x86
		{9DB12138-E8C1-489A-A4FD-DD50AF80CD7F}.Release|x64.ActiveCfg = Release|x64
		{9DB12138-E8C1-489A-A4FD-DD50AF80CD7F}.Release|x64.Build.0 = Release|x64
		{9DB12138-E8C1-489A-A4FD-DD50AF80CD7F}.Release|x64.Deploy.0 = Release|x64
		{9DB12138-E8C1-489A-A4FD-DD50AF80CD7F}.Release|x86.ActiveCfg = Release|x86
		{9DB12138-E8C1-489A-A4FD-DD50AF80CD7F}.Release|x86.Build.0 = Release|x86
		{9DB12138-E8C1-489A-A4FD-DD50AF80CD7F}.Release|x86.Deploy.0 = Release|x86
		{BBC7D7F3-CB93-41DA-B666-F4D810CA0CF5}.Ad-Hoc|Any CPU.ActiveCfg = Release|Any CPU
		{BBC7D7F3-CB93-41DA-B666-F4D810CA0CF5}.Ad-Hoc|Any CPU.Build.0 = Release|Any CPU
		{BBC7D7F3-CB93-41DA-B666-F4D810CA0CF5}.Ad-Hoc|Any CPU.Deploy.0 = Release|Any CPU
		{BBC7D7F3-CB93-41DA-B666-F4D810CA0CF5}.Ad-Hoc|ARM.ActiveCfg = Release|ARM
		{BBC7D7F3-CB93-41DA-B666-F4D810CA0CF5}.Ad-Hoc|ARM.Build.0 = Release|ARM
		{BBC7D7F3-CB93-41DA-B666-F4D810CA0CF5}.Ad-Hoc|ARM.Deploy.0 = Release|ARM
		{BBC7D7F3-CB93-41DA-B666-F4D810CA0CF5}.Ad-Hoc|iPhone.ActiveCfg = Release|Any CPU
		{BBC7D7F3-CB93-41DA-B666-F4D810CA0CF5}.Ad-Hoc|iPhone.Build.0 = Release|Any CPU
		{BBC7D7F3-CB93-41DA-B666-F4D810CA0CF5}.Ad-Hoc|iPhone.Deploy.0 = Release|Any CPU
		{BBC7D7F3-CB93-41DA-B666-F4D810CA0CF5}.Ad-Hoc|iPhoneSimulator.ActiveCfg = Release|Any CPU
		{BBC7D7F3-CB93-41DA-B666-F4D810CA0CF5}.Ad-Hoc|iPhoneSimulator.Build.0 = Release|Any CPU
		{BBC7D7F3-CB93-41DA-B666-F4D810CA0CF5}.Ad-Hoc|iPhoneSimulator.Deploy.0 = Release|Any CPU
		{BBC7D7F3-CB93-41DA-B666-F4D810CA0CF5}.Ad-Hoc|x64.ActiveCfg = Release|x64
		{BBC7D7F3-CB93-41DA-B666-F4D810CA0CF5}.Ad-Hoc|x64.Build.0 = Release|x64
		{BBC7D7F3-CB93-41DA-B666-F4D810CA0CF5}.Ad-Hoc|x64.Deploy.0 = Release|x64
		{BBC7D7F3-CB93-41DA-B666-F4D810CA0CF5}.Ad-Hoc|x86.ActiveCfg = Release|x86
		{BBC7D7F3-CB93-41DA-B666-F4D810CA0CF5}.Ad-Hoc|x86.Build.0 = Release|x86
		{BBC7D7F3-CB93-41DA-B666-F4D810CA0CF5}.Ad-Hoc|x86.Deploy.0 = Release|x86
		{BBC7D7F3-CB93-41DA-B666-F4D810CA0CF5}.AppStore|Any CPU.ActiveCfg = Release|Any CPU
		{BBC7D7F3-CB93-41DA-B666-F4D810CA0CF5}.AppStore|Any CPU.Build.0 = Release|Any CPU
		{BBC7D7F3-CB93-41DA-B666-F4D810CA0CF5}.AppStore|Any CPU.Deploy.0 = Release|Any CPU
		{BBC7D7F3-CB93-41DA-B666-F4D810CA0CF5}.AppStore|ARM.ActiveCfg = Release|ARM
		{BBC7D7F3-CB93-41DA-B666-F4D810CA0CF5}.AppStore|ARM.Build.0 = Release|ARM
		{BBC7D7F3-CB93-41DA-B666-F4D810CA0CF5}.AppStore|ARM.Deploy.0 = Release|ARM
		{BBC7D7F3-CB93-41DA-B666-F4D810CA0CF5}.AppStore|iPhone.ActiveCfg = Release|Any CPU
		{BBC7D7F3-CB93-41DA-B666-F4D810CA0CF5}.AppStore|iPhone.Build.0 = Release|Any CPU
		{BBC7D7F3-CB93-41DA-B666-F4D810CA0CF5}.AppStore|iPhone.Deploy.0 = Release|Any CPU
		{BBC7D7F3-CB93-41DA-B666-F4D810CA0CF5}.AppStore|iPhoneSimulator.ActiveCfg = Release|Any CPU
		{BBC7D7F3-CB93-41DA-B666-F4D810CA0CF5}.AppStore|iPhoneSimulator.Build.0 = Release|Any CPU
		{BBC7D7F3-CB93-41DA-B666-F4D810CA0CF5}.AppStore|iPhoneSimulator.Deploy.0 = Release|Any CPU
		{BBC7D7F3-CB93-41DA-B666-F4D810CA0CF5}.AppStore|x64.ActiveCfg = Release|x64
		{BBC7D7F3-CB93-41DA-B666-F4D810CA0CF5}.AppStore|x64.Build.0 = Release|x64
		{BBC7D7F3-CB93-41DA-B666-F4D810CA0CF5}.AppStore|x64.Deploy.0 = Release|x64
		{BBC7D7F3-CB93-41DA-B666-F4D810CA0CF5}.AppStore|x86.ActiveCfg = Release|x86
		{BBC7D7F3-CB93-41DA-B666-F4D810CA0CF5}.AppStore|x86.Build.0 = Release|x86
		{BBC7D7F3-CB93-41DA-B666-F4D810CA0CF5}.AppStore|x86.Deploy.0 = Release|x86
		{BBC7D7F3-CB93-41DA-B666-F4D810CA0CF5}.Debug|Any CPU.ActiveCfg = Debug|Any CPU
		{BBC7D7F3-CB93-41DA-B666-F4D810CA0CF5}.Debug|Any CPU.Build.0 = Debug|Any CPU
		{BBC7D7F3-CB93-41DA-B666-F4D810CA0CF5}.Debug|Any CPU.Deploy.0 = Debug|Any CPU
		{BBC7D7F3-CB93-41DA-B666-F4D810CA0CF5}.Debug|ARM.ActiveCfg = Debug|ARM
		{BBC7D7F3-CB93-41DA-B666-F4D810CA0CF5}.Debug|ARM.Build.0 = Debug|ARM
		{BBC7D7F3-CB93-41DA-B666-F4D810CA0CF5}.Debug|ARM.Deploy.0 = Debug|ARM
		{BBC7D7F3-CB93-41DA-B666-F4D810CA0CF5}.Debug|iPhone.ActiveCfg = Debug|Any CPU
		{BBC7D7F3-CB93-41DA-B666-F4D810CA0CF5}.Debug|iPhone.Build.0 = Debug|Any CPU
		{BBC7D7F3-CB93-41DA-B666-F4D810CA0CF5}.Debug|iPhone.Deploy.0 = Debug|Any CPU
		{BBC7D7F3-CB93-41DA-B666-F4D810CA0CF5}.Debug|iPhoneSimulator.ActiveCfg = Debug|Any CPU
		{BBC7D7F3-CB93-41DA-B666-F4D810CA0CF5}.Debug|iPhoneSimulator.Build.0 = Debug|Any CPU
		{BBC7D7F3-CB93-41DA-B666-F4D810CA0CF5}.Debug|iPhoneSimulator.Deploy.0 = Debug|Any CPU
		{BBC7D7F3-CB93-41DA-B666-F4D810CA0CF5}.Debug|x64.ActiveCfg = Debug|x64
		{BBC7D7F3-CB93-41DA-B666-F4D810CA0CF5}.Debug|x64.Build.0 = Debug|x64
		{BBC7D7F3-CB93-41DA-B666-F4D810CA0CF5}.Debug|x64.Deploy.0 = Debug|x64
		{BBC7D7F3-CB93-41DA-B666-F4D810CA0CF5}.Debug|x86.ActiveCfg = Debug|x86
		{BBC7D7F3-CB93-41DA-B666-F4D810CA0CF5}.Debug|x86.Build.0 = Debug|x86
		{BBC7D7F3-CB93-41DA-B666-F4D810CA0CF5}.Debug|x86.Deploy.0 = Debug|x86
		{BBC7D7F3-CB93-41DA-B666-F4D810CA0CF5}.Release|Any CPU.ActiveCfg = Release|Any CPU
		{BBC7D7F3-CB93-41DA-B666-F4D810CA0CF5}.Release|Any CPU.Build.0 = Release|Any CPU
		{BBC7D7F3-CB93-41DA-B666-F4D810CA0CF5}.Release|Any CPU.Deploy.0 = Release|Any CPU
		{BBC7D7F3-CB93-41DA-B666-F4D810CA0CF5}.Release|ARM.ActiveCfg = Release|ARM
		{BBC7D7F3-CB93-41DA-B666-F4D810CA0CF5}.Release|ARM.Build.0 = Release|ARM
		{BBC7D7F3-CB93-41DA-B666-F4D810CA0CF5}.Release|ARM.Deploy.0 = Release|ARM
		{BBC7D7F3-CB93-41DA-B666-F4D810CA0CF5}.Release|iPhone.ActiveCfg = Release|Any CPU
		{BBC7D7F3-CB93-41DA-B666-F4D810CA0CF5}.Release|iPhone.Build.0 = Release|Any CPU
		{BBC7D7F3-CB93-41DA-B666-F4D810CA0CF5}.Release|iPhone.Deploy.0 = Release|Any CPU
		{BBC7D7F3-CB93-41DA-B666-F4D810CA0CF5}.Release|iPhoneSimulator.ActiveCfg = Release|Any CPU
		{BBC7D7F3-CB93-41DA-B666-F4D810CA0CF5}.Release|iPhoneSimulator.Build.0 = Release|Any CPU
		{BBC7D7F3-CB93-41DA-B666-F4D810CA0CF5}.Release|iPhoneSimulator.Deploy.0 = Release|Any CPU
		{BBC7D7F3-CB93-41DA-B666-F4D810CA0CF5}.Release|x64.ActiveCfg = Release|x64
		{BBC7D7F3-CB93-41DA-B666-F4D810CA0CF5}.Release|x64.Build.0 = Release|x64
		{BBC7D7F3-CB93-41DA-B666-F4D810CA0CF5}.Release|x64.Deploy.0 = Release|x64
		{BBC7D7F3-CB93-41DA-B666-F4D810CA0CF5}.Release|x86.ActiveCfg = Release|x86
		{BBC7D7F3-CB93-41DA-B666-F4D810CA0CF5}.Release|x86.Build.0 = Release|x86
		{BBC7D7F3-CB93-41DA-B666-F4D810CA0CF5}.Release|x86.Deploy.0 = Release|x86
		{9BCF34CA-EDEE-4278-9484-6D79B0293F43}.Ad-Hoc|Any CPU.ActiveCfg = Release|Any CPU
		{9BCF34CA-EDEE-4278-9484-6D79B0293F43}.Ad-Hoc|Any CPU.Build.0 = Release|Any CPU
		{9BCF34CA-EDEE-4278-9484-6D79B0293F43}.Ad-Hoc|ARM.ActiveCfg = Release|Any CPU
		{9BCF34CA-EDEE-4278-9484-6D79B0293F43}.Ad-Hoc|ARM.Build.0 = Release|Any CPU
		{9BCF34CA-EDEE-4278-9484-6D79B0293F43}.Ad-Hoc|iPhone.ActiveCfg = Release|Any CPU
		{9BCF34CA-EDEE-4278-9484-6D79B0293F43}.Ad-Hoc|iPhone.Build.0 = Release|Any CPU
		{9BCF34CA-EDEE-4278-9484-6D79B0293F43}.Ad-Hoc|iPhoneSimulator.ActiveCfg = Release|Any CPU
		{9BCF34CA-EDEE-4278-9484-6D79B0293F43}.Ad-Hoc|iPhoneSimulator.Build.0 = Release|Any CPU
		{9BCF34CA-EDEE-4278-9484-6D79B0293F43}.Ad-Hoc|x64.ActiveCfg = Release|Any CPU
		{9BCF34CA-EDEE-4278-9484-6D79B0293F43}.Ad-Hoc|x64.Build.0 = Release|Any CPU
		{9BCF34CA-EDEE-4278-9484-6D79B0293F43}.Ad-Hoc|x86.ActiveCfg = Release|Any CPU
		{9BCF34CA-EDEE-4278-9484-6D79B0293F43}.Ad-Hoc|x86.Build.0 = Release|Any CPU
		{9BCF34CA-EDEE-4278-9484-6D79B0293F43}.AppStore|Any CPU.ActiveCfg = Release|Any CPU
		{9BCF34CA-EDEE-4278-9484-6D79B0293F43}.AppStore|Any CPU.Build.0 = Release|Any CPU
		{9BCF34CA-EDEE-4278-9484-6D79B0293F43}.AppStore|ARM.ActiveCfg = Release|Any CPU
		{9BCF34CA-EDEE-4278-9484-6D79B0293F43}.AppStore|ARM.Build.0 = Release|Any CPU
		{9BCF34CA-EDEE-4278-9484-6D79B0293F43}.AppStore|iPhone.ActiveCfg = Release|Any CPU
		{9BCF34CA-EDEE-4278-9484-6D79B0293F43}.AppStore|iPhone.Build.0 = Release|Any CPU
		{9BCF34CA-EDEE-4278-9484-6D79B0293F43}.AppStore|iPhoneSimulator.ActiveCfg = Release|Any CPU
		{9BCF34CA-EDEE-4278-9484-6D79B0293F43}.AppStore|iPhoneSimulator.Build.0 = Release|Any CPU
		{9BCF34CA-EDEE-4278-9484-6D79B0293F43}.AppStore|x64.ActiveCfg = Release|Any CPU
		{9BCF34CA-EDEE-4278-9484-6D79B0293F43}.AppStore|x64.Build.0 = Release|Any CPU
		{9BCF34CA-EDEE-4278-9484-6D79B0293F43}.AppStore|x86.ActiveCfg = Release|Any CPU
		{9BCF34CA-EDEE-4278-9484-6D79B0293F43}.AppStore|x86.Build.0 = Release|Any CPU
		{9BCF34CA-EDEE-4278-9484-6D79B0293F43}.Debug|Any CPU.ActiveCfg = Debug|Any CPU
		{9BCF34CA-EDEE-4278-9484-6D79B0293F43}.Debug|Any CPU.Build.0 = Debug|Any CPU
		{9BCF34CA-EDEE-4278-9484-6D79B0293F43}.Debug|ARM.ActiveCfg = Debug|Any CPU
		{9BCF34CA-EDEE-4278-9484-6D79B0293F43}.Debug|ARM.Build.0 = Debug|Any CPU
		{9BCF34CA-EDEE-4278-9484-6D79B0293F43}.Debug|iPhone.ActiveCfg = Debug|Any CPU
		{9BCF34CA-EDEE-4278-9484-6D79B0293F43}.Debug|iPhone.Build.0 = Debug|Any CPU
		{9BCF34CA-EDEE-4278-9484-6D79B0293F43}.Debug|iPhoneSimulator.ActiveCfg = Debug|Any CPU
		{9BCF34CA-EDEE-4278-9484-6D79B0293F43}.Debug|iPhoneSimulator.Build.0 = Debug|Any CPU
		{9BCF34CA-EDEE-4278-9484-6D79B0293F43}.Debug|x64.ActiveCfg = Debug|Any CPU
		{9BCF34CA-EDEE-4278-9484-6D79B0293F43}.Debug|x64.Build.0 = Debug|Any CPU
		{9BCF34CA-EDEE-4278-9484-6D79B0293F43}.Debug|x86.ActiveCfg = Debug|Any CPU
		{9BCF34CA-EDEE-4278-9484-6D79B0293F43}.Debug|x86.Build.0 = Debug|Any CPU
		{9BCF34CA-EDEE-4278-9484-6D79B0293F43}.Release|Any CPU.ActiveCfg = Release|Any CPU
		{9BCF34CA-EDEE-4278-9484-6D79B0293F43}.Release|Any CPU.Build.0 = Release|Any CPU
		{9BCF34CA-EDEE-4278-9484-6D79B0293F43}.Release|ARM.ActiveCfg = Release|Any CPU
		{9BCF34CA-EDEE-4278-9484-6D79B0293F43}.Release|ARM.Build.0 = Release|Any CPU
		{9BCF34CA-EDEE-4278-9484-6D79B0293F43}.Release|iPhone.ActiveCfg = Release|Any CPU
		{9BCF34CA-EDEE-4278-9484-6D79B0293F43}.Release|iPhone.Build.0 = Release|Any CPU
		{9BCF34CA-EDEE-4278-9484-6D79B0293F43}.Release|iPhoneSimulator.ActiveCfg = Release|Any CPU
		{9BCF34CA-EDEE-4278-9484-6D79B0293F43}.Release|iPhoneSimulator.Build.0 = Release|Any CPU
		{9BCF34CA-EDEE-4278-9484-6D79B0293F43}.Release|x64.ActiveCfg = Release|Any CPU
		{9BCF34CA-EDEE-4278-9484-6D79B0293F43}.Release|x64.Build.0 = Release|Any CPU
		{9BCF34CA-EDEE-4278-9484-6D79B0293F43}.Release|x86.ActiveCfg = Release|Any CPU
		{9BCF34CA-EDEE-4278-9484-6D79B0293F43}.Release|x86.Build.0 = Release|Any CPU
	EndGlobalSection
	GlobalSection(SolutionProperties) = preSolution
		HideSolutionNode = FALSE
	EndGlobalSection
EndGlobal
